<?xml version="1.0" encoding="utf-8"?>
<Project ToolsVersion="16.0" xmlns="http://schemas.microsoft.com/developer/msbuild/2003">
  <ItemGroup>
    <ClCompile Include="C:\Users\205001\source\repos\Gemini\opendnp3\cpp\libs\src\asiopal\ASIOSerialHelpers.cpp">
      <Filter>Source Files</Filter>
    </ClCompile>
    <ClCompile Include="C:\Users\205001\source\repos\Gemini\opendnp3\cpp\libs\src\asiopal\ChannelRetry.cpp">
      <Filter>Source Files</Filter>
    </ClCompile>
    <ClCompile Include="C:\Users\205001\source\repos\Gemini\opendnp3\cpp\libs\src\asiopal\Executor.cpp">
      <Filter>Source Files</Filter>
    </ClCompile>
    <ClCompile Include="C:\Users\205001\source\repos\Gemini\opendnp3\cpp\libs\src\asiopal\IOpenDelayStrategy.cpp">
      <Filter>Source Files</Filter>
    </ClCompile>
    <ClCompile Include="C:\Users\205001\source\repos\Gemini\opendnp3\cpp\libs\src\asiopal\ResourceManager.cpp">
      <Filter>Source Files</Filter>
    </ClCompile>
    <ClCompile Include="C:\Users\205001\source\repos\Gemini\opendnp3\cpp\libs\src\asiopal\SerialChannel.cpp">
      <Filter>Source Files</Filter>
    </ClCompile>
    <ClCompile Include="C:\Users\205001\source\repos\Gemini\opendnp3\cpp\libs\src\asiopal\SocketChannel.cpp">
      <Filter>Source Files</Filter>
    </ClCompile>
    <ClCompile Include="C:\Users\205001\source\repos\Gemini\opendnp3\cpp\libs\src\asiopal\TCPClient.cpp">
      <Filter>Source Files</Filter>
    </ClCompile>
    <ClCompile Include="C:\Users\205001\source\repos\Gemini\opendnp3\cpp\libs\src\asiopal\TCPServer.cpp">
      <Filter>Source Files</Filter>
    </ClCompile>
    <ClCompile Include="C:\Users\205001\source\repos\Gemini\opendnp3\cpp\libs\src\asiopal\ThreadPool.cpp">
      <Filter>Source Files</Filter>
    </ClCompile>
    <ClCompile Include="C:\Users\205001\source\repos\Gemini\opendnp3\cpp\libs\src\asiopal\TimeConversions.cpp">
      <Filter>Source Files</Filter>
    </ClCompile>
    <ClCompile Include="C:\Users\205001\source\repos\Gemini\opendnp3\cpp\libs\src\asiopal\Timer.cpp">
      <Filter>Source Files</Filter>
    </ClCompile>
    <ClCompile Include="C:\Users\205001\source\repos\Gemini\opendnp3\cpp\libs\src\asiopal\UTCTimeSource.cpp">
      <Filter>Source Files</Filter>
    </ClCompile>
  </ItemGroup>
  <ItemGroup>
    <ClInclude Include="C:\Users\205001\source\repos\Gemini\opendnp3\cpp\libs\include\asiopal\ASIOSerialHelpers.h">
      <Filter>Header Files</Filter>
    </ClInclude>
    <ClInclude Include="C:\Users\205001\source\repos\Gemini\opendnp3\cpp\libs\include\asiopal\ChannelRetry.h">
      <Filter>Header Files</Filter>
    </ClInclude>
    <ClInclude Include="C:\Users\205001\source\repos\Gemini\opendnp3\cpp\libs\include\asiopal\Executor.h">
      <Filter>Header Files</Filter>
    </ClInclude>
    <ClInclude Include="C:\Users\205001\source\repos\Gemini\opendnp3\cpp\libs\include\asiopal\IAsyncChannel.h">
      <Filter>Header Files</Filter>
    </ClInclude>
    <ClInclude Include="C:\Users\205001\source\repos\Gemini\opendnp3\cpp\libs\include\asiopal\IChannelCallbacks.h">
      <Filter>Header Files</Filter>
    </ClInclude>
    <ClInclude Include="C:\Users\205001\source\repos\Gemini\opendnp3\cpp\libs\include\asiopal\IListener.h">
      <Filter>Header Files</Filter>
    </ClInclude>
    <ClInclude Include="C:\Users\205001\source\repos\Gemini\opendnp3\cpp\libs\include\asiopal\IO.h">
      <Filter>Header Files</Filter>
    </ClInclude>
    <ClInclude Include="C:\Users\205001\source\repos\Gemini\opendnp3\cpp\libs\include\asiopal\IOpenDelayStrategy.h">
      <Filter>Header Files</Filter>
    </ClInclude>
    <ClInclude Include="C:\Users\205001\source\repos\Gemini\opendnp3\cpp\libs\include\asiopal\IPEndpoint.h">
      <Filter>Header Files</Filter>
    </ClInclude>
    <ClInclude Include="C:\Users\205001\source\repos\Gemini\opendnp3\cpp\libs\include\asiopal\IResourceManager.h">
      <Filter>Header Files</Filter>
    </ClInclude>
    <ClInclude Include="C:\Users\205001\source\repos\Gemini\opendnp3\cpp\libs\include\asiopal\LoggingConnectionCondition.h">
      <Filter>Header Files</Filter>
    </ClInclude>
    <ClInclude Include="C:\Users\205001\source\repos\Gemini\opendnp3\cpp\libs\include\asiopal\ResourceManager.h">
      <Filter>Header Files</Filter>
    </ClInclude>
    <ClInclude Include="C:\Users\205001\source\repos\Gemini\opendnp3\cpp\libs\include\asiopal\SerialChannel.h">
      <Filter>Header Files</Filter>
    </ClInclude>
    <ClInclude Include="C:\Users\205001\source\repos\Gemini\opendnp3\cpp\libs\include\asiopal\SerialTypes.h">
      <Filter>Header Files</Filter>
    </ClInclude>
    <ClInclude Include="C:\Users\205001\source\repos\Gemini\opendnp3\cpp\libs\include\asiopal\SocketChannel.h">
      <Filter>Header Files</Filter>
    </ClInclude>
    <ClInclude Include="C:\Users\205001\source\repos\Gemini\opendnp3\cpp\libs\include\asiopal\SocketHelpers.h">
      <Filter>Header Files</Filter>
    </ClInclude>
    <ClInclude Include="C:\Users\205001\source\repos\Gemini\opendnp3\cpp\libs\include\asiopal\SteadyClock.h">
      <Filter>Header Files</Filter>
    </ClInclude>
    <ClInclude Include="C:\Users\205001\source\repos\Gemini\opendnp3\cpp\libs\include\asiopal\Synchronized.h">
      <Filter>Header Files</Filter>
    </ClInclude>
    <ClInclude Include="C:\Users\205001\source\repos\Gemini\opendnp3\cpp\libs\include\asiopal\TCPClient.h">
      <Filter>Header Files</Filter>
    </ClInclude>
    <ClInclude Include="C:\Users\205001\source\repos\Gemini\opendnp3\cpp\libs\include\asiopal\TCPServer.h">
      <Filter>Header Files</Filter>
    </ClInclude>
    <ClInclude Include="C:\Users\205001\source\repos\Gemini\opendnp3\cpp\libs\include\asiopal\TLSConfig.h">
      <Filter>Header Files</Filter>
    </ClInclude>
    <ClInclude Include="C:\Users\205001\source\repos\Gemini\opendnp3\cpp\libs\include\asiopal\ThreadPool.h">
      <Filter>Header Files</Filter>
    </ClInclude>
    <ClInclude Include="C:\Users\205001\source\repos\Gemini\opendnp3\cpp\libs\include\asiopal\TimeConversions.h">
      <Filter>Header Files</Filter>
    </ClInclude>
    <ClInclude Include="C:\Users\205001\source\repos\Gemini\opendnp3\cpp\libs\include\asiopal\Timer.h">
      <Filter>Header Files</Filter>
    </ClInclude>
    <ClInclude Include="C:\Users\205001\source\repos\Gemini\opendnp3\cpp\libs\include\asiopal\UTCTimeSource.h">
      <Filter>Header Files</Filter>
    </ClInclude>
    <ClInclude Include="C:\Users\205001\source\repos\Gemini\opendnp3\cpp\libs\src\asiopal\tls\SSLContext.h">
      <Filter>Header Files</Filter>
    </ClInclude>
    <ClInclude Include="C:\Users\205001\source\repos\Gemini\opendnp3\cpp\libs\src\asiopal\tls\TLSClient.h">
      <Filter>Header Files</Filter>
    </ClInclude>
    <ClInclude Include="C:\Users\205001\source\repos\Gemini\opendnp3\cpp\libs\src\asiopal\tls\TLSContext.h">
      <Filter>Header Files</Filter>
    </ClInclude>
    <ClInclude Include="C:\Users\205001\source\repos\Gemini\opendnp3\cpp\libs\src\asiopal\tls\TLSServer.h">
      <Filter>Header Files</Filter>
    </ClInclude>
    <ClInclude Include="C:\Users\205001\source\repos\Gemini\opendnp3\cpp\libs\src\asiopal\tls\TLSStreamChannel.h">
      <Filter>Header Files</Filter>
    </ClInclude>
  </ItemGroup>
  <ItemGroup>
    <CustomBuild Include="C:\Users\205001\source\repos\Gemini\opendnp3\CMakeLists.txt" />
  </ItemGroup>
  <ItemGroup>
    <Filter Include="Header Files">
      <UniqueIdentifier>{E833E93F-92D8-3AB0-8B4B-383E4DCD1E45}</UniqueIdentifier>
    </Filter>
    <Filter Include="Source Files">
      <UniqueIdentifier>{A2A593E9-5D5D-3430-A915-45E0E11FC07D}</UniqueIdentifier>
    </Filter>
  </ItemGroup>
</Project>
