<?xml version="1.0" encoding="utf-8"?>
<Project ToolsVersion="16.0" xmlns="http://schemas.microsoft.com/developer/msbuild/2003">
  <ItemGroup>
    <ClCompile Include="C:\Users\205001\source\repos\Gemini\opendnp3\cpp\libs\src\asiodnp3\ConsoleLogger.cpp">
      <Filter>Source Files</Filter>
    </ClCompile>
    <ClCompile Include="C:\Users\205001\source\repos\Gemini\opendnp3\cpp\libs\src\asiodnp3\Conversions.cpp">
      <Filter>Source Files</Filter>
    </ClCompile>
    <ClCompile Include="C:\Users\205001\source\repos\Gemini\opendnp3\cpp\libs\src\asiodnp3\DNP3Channel.cpp">
      <Filter>Source Files</Filter>
    </ClCompile>
    <ClCompile Include="C:\Users\205001\source\repos\Gemini\opendnp3\cpp\libs\src\asiodnp3\DNP3Manager.cpp">
      <Filter>Source Files</Filter>
    </ClCompile>
    <ClCompile Include="C:\Users\205001\source\repos\Gemini\opendnp3\cpp\libs\src\asiodnp3\DNP3ManagerImpl.cpp">
      <Filter>Source Files</Filter>
    </ClCompile>
    <ClCompile Include="C:\Users\205001\source\repos\Gemini\opendnp3\cpp\libs\src\asiodnp3\DefaultListenCallbacks.cpp">
      <Filter>Source Files</Filter>
    </ClCompile>
    <ClCompile Include="C:\Users\205001\source\repos\Gemini\opendnp3\cpp\libs\src\asiodnp3\DefaultMasterApplication.cpp">
      <Filter>Source Files</Filter>
    </ClCompile>
    <ClCompile Include="C:\Users\205001\source\repos\Gemini\opendnp3\cpp\libs\src\asiodnp3\ErrorCodes.cpp">
      <Filter>Source Files</Filter>
    </ClCompile>
    <ClCompile Include="C:\Users\205001\source\repos\Gemini\opendnp3\cpp\libs\src\asiodnp3\IOHandler.cpp">
      <Filter>Source Files</Filter>
    </ClCompile>
    <ClCompile Include="C:\Users\205001\source\repos\Gemini\opendnp3\cpp\libs\src\asiodnp3\IPEndpointsList.cpp">
      <Filter>Source Files</Filter>
    </ClCompile>
    <ClCompile Include="C:\Users\205001\source\repos\Gemini\opendnp3\cpp\libs\src\asiodnp3\LinkSession.cpp">
      <Filter>Source Files</Filter>
    </ClCompile>
    <ClCompile Include="C:\Users\205001\source\repos\Gemini\opendnp3\cpp\libs\src\asiodnp3\MasterScan.cpp">
      <Filter>Source Files</Filter>
    </ClCompile>
    <ClCompile Include="C:\Users\205001\source\repos\Gemini\opendnp3\cpp\libs\src\asiodnp3\MasterSessionStack.cpp">
      <Filter>Source Files</Filter>
    </ClCompile>
    <ClCompile Include="C:\Users\205001\source\repos\Gemini\opendnp3\cpp\libs\src\asiodnp3\MasterStack.cpp">
      <Filter>Source Files</Filter>
    </ClCompile>
    <ClCompile Include="C:\Users\205001\source\repos\Gemini\opendnp3\cpp\libs\src\asiodnp3\MasterTCPServer.cpp">
      <Filter>Source Files</Filter>
    </ClCompile>
    <ClCompile Include="C:\Users\205001\source\repos\Gemini\opendnp3\cpp\libs\src\asiodnp3\OutstationStack.cpp">
      <Filter>Source Files</Filter>
    </ClCompile>
    <ClCompile Include="C:\Users\205001\source\repos\Gemini\opendnp3\cpp\libs\src\asiodnp3\PrintingCommandCallback.cpp">
      <Filter>Source Files</Filter>
    </ClCompile>
    <ClCompile Include="C:\Users\205001\source\repos\Gemini\opendnp3\cpp\libs\src\asiodnp3\PrintingSOEHandler.cpp">
      <Filter>Source Files</Filter>
    </ClCompile>
    <ClCompile Include="C:\Users\205001\source\repos\Gemini\opendnp3\cpp\libs\src\asiodnp3\SerialIOHandler.cpp">
      <Filter>Source Files</Filter>
    </ClCompile>
    <ClCompile Include="C:\Users\205001\source\repos\Gemini\opendnp3\cpp\libs\src\asiodnp3\TCPClientIOHandler.cpp">
      <Filter>Source Files</Filter>
    </ClCompile>
    <ClCompile Include="C:\Users\205001\source\repos\Gemini\opendnp3\cpp\libs\src\asiodnp3\TCPServerIOHandler.cpp">
      <Filter>Source Files</Filter>
    </ClCompile>
    <ClCompile Include="C:\Users\205001\source\repos\Gemini\opendnp3\cpp\libs\src\asiodnp3\UpdateBuilder.cpp">
      <Filter>Source Files</Filter>
    </ClCompile>
  </ItemGroup>
  <ItemGroup>
    <ClInclude Include="C:\Users\205001\source\repos\Gemini\opendnp3\cpp\libs\include\asiodnp3\ConsoleLogger.h">
      <Filter>Header Files</Filter>
    </ClInclude>
    <ClInclude Include="C:\Users\205001\source\repos\Gemini\opendnp3\cpp\libs\include\asiodnp3\DNP3Manager.h">
      <Filter>Header Files</Filter>
    </ClInclude>
    <ClInclude Include="C:\Users\205001\source\repos\Gemini\opendnp3\cpp\libs\include\asiodnp3\DatabaseConfig.h">
      <Filter>Header Files</Filter>
    </ClInclude>
    <ClInclude Include="C:\Users\205001\source\repos\Gemini\opendnp3\cpp\libs\include\asiodnp3\DefaultListenCallbacks.h">
      <Filter>Header Files</Filter>
    </ClInclude>
    <ClInclude Include="C:\Users\205001\source\repos\Gemini\opendnp3\cpp\libs\include\asiodnp3\DefaultMasterApplication.h">
      <Filter>Header Files</Filter>
    </ClInclude>
    <ClInclude Include="C:\Users\205001\source\repos\Gemini\opendnp3\cpp\libs\include\asiodnp3\ErrorCodes.h">
      <Filter>Header Files</Filter>
    </ClInclude>
    <ClInclude Include="C:\Users\205001\source\repos\Gemini\opendnp3\cpp\libs\include\asiodnp3\IChannel.h">
      <Filter>Header Files</Filter>
    </ClInclude>
    <ClInclude Include="C:\Users\205001\source\repos\Gemini\opendnp3\cpp\libs\include\asiodnp3\IChannelListener.h">
      <Filter>Header Files</Filter>
    </ClInclude>
    <ClInclude Include="C:\Users\205001\source\repos\Gemini\opendnp3\cpp\libs\include\asiodnp3\IListenCallbacks.h">
      <Filter>Header Files</Filter>
    </ClInclude>
    <ClInclude Include="C:\Users\205001\source\repos\Gemini\opendnp3\cpp\libs\include\asiodnp3\IMaster.h">
      <Filter>Header Files</Filter>
    </ClInclude>
    <ClInclude Include="C:\Users\205001\source\repos\Gemini\opendnp3\cpp\libs\include\asiodnp3\IMasterOperations.h">
      <Filter>Header Files</Filter>
    </ClInclude>
    <ClInclude Include="C:\Users\205001\source\repos\Gemini\opendnp3\cpp\libs\include\asiodnp3\IMasterScan.h">
      <Filter>Header Files</Filter>
    </ClInclude>
    <ClInclude Include="C:\Users\205001\source\repos\Gemini\opendnp3\cpp\libs\include\asiodnp3\IMasterSession.h">
      <Filter>Header Files</Filter>
    </ClInclude>
    <ClInclude Include="C:\Users\205001\source\repos\Gemini\opendnp3\cpp\libs\include\asiodnp3\IOutstation.h">
      <Filter>Header Files</Filter>
    </ClInclude>
    <ClInclude Include="C:\Users\205001\source\repos\Gemini\opendnp3\cpp\libs\include\asiodnp3\ISessionAcceptor.h">
      <Filter>Header Files</Filter>
    </ClInclude>
    <ClInclude Include="C:\Users\205001\source\repos\Gemini\opendnp3\cpp\libs\include\asiodnp3\IStack.h">
      <Filter>Header Files</Filter>
    </ClInclude>
    <ClInclude Include="C:\Users\205001\source\repos\Gemini\opendnp3\cpp\libs\include\asiodnp3\MasterStackConfig.h">
      <Filter>Header Files</Filter>
    </ClInclude>
    <ClInclude Include="C:\Users\205001\source\repos\Gemini\opendnp3\cpp\libs\include\asiodnp3\MasterTCPServer.h">
      <Filter>Header Files</Filter>
    </ClInclude>
    <ClInclude Include="C:\Users\205001\source\repos\Gemini\opendnp3\cpp\libs\include\asiodnp3\OutstationStackConfig.h">
      <Filter>Header Files</Filter>
    </ClInclude>
    <ClInclude Include="C:\Users\205001\source\repos\Gemini\opendnp3\cpp\libs\include\asiodnp3\PrintingChannelListener.h">
      <Filter>Header Files</Filter>
    </ClInclude>
    <ClInclude Include="C:\Users\205001\source\repos\Gemini\opendnp3\cpp\libs\include\asiodnp3\PrintingCommandCallback.h">
      <Filter>Header Files</Filter>
    </ClInclude>
    <ClInclude Include="C:\Users\205001\source\repos\Gemini\opendnp3\cpp\libs\include\asiodnp3\PrintingSOEHandler.h">
      <Filter>Header Files</Filter>
    </ClInclude>
    <ClInclude Include="C:\Users\205001\source\repos\Gemini\opendnp3\cpp\libs\include\asiodnp3\UpdateBuilder.h">
      <Filter>Header Files</Filter>
    </ClInclude>
    <ClInclude Include="C:\Users\205001\source\repos\Gemini\opendnp3\cpp\libs\include\asiodnp3\Updates.h">
      <Filter>Header Files</Filter>
    </ClInclude>
    <ClInclude Include="C:\Users\205001\source\repos\Gemini\opendnp3\cpp\libs\include\asiodnp3\X509Info.h">
      <Filter>Header Files</Filter>
    </ClInclude>
    <ClInclude Include="C:\Users\205001\source\repos\Gemini\opendnp3\cpp\libs\src\asiodnp3\Conversions.h">
      <Filter>Header Files</Filter>
    </ClInclude>
    <ClInclude Include="C:\Users\205001\source\repos\Gemini\opendnp3\cpp\libs\src\asiodnp3\DNP3Channel.h">
      <Filter>Header Files</Filter>
    </ClInclude>
    <ClInclude Include="C:\Users\205001\source\repos\Gemini\opendnp3\cpp\libs\src\asiodnp3\DNP3ManagerImpl.h">
      <Filter>Header Files</Filter>
    </ClInclude>
    <ClInclude Include="C:\Users\205001\source\repos\Gemini\opendnp3\cpp\libs\src\asiodnp3\IOHandler.h">
      <Filter>Header Files</Filter>
    </ClInclude>
    <ClInclude Include="C:\Users\205001\source\repos\Gemini\opendnp3\cpp\libs\src\asiodnp3\IPEndpointsList.h">
      <Filter>Header Files</Filter>
    </ClInclude>
    <ClInclude Include="C:\Users\205001\source\repos\Gemini\opendnp3\cpp\libs\src\asiodnp3\LinkSession.h">
      <Filter>Header Files</Filter>
    </ClInclude>
    <ClInclude Include="C:\Users\205001\source\repos\Gemini\opendnp3\cpp\libs\src\asiodnp3\MasterScan.h">
      <Filter>Header Files</Filter>
    </ClInclude>
    <ClInclude Include="C:\Users\205001\source\repos\Gemini\opendnp3\cpp\libs\src\asiodnp3\MasterSessionStack.h">
      <Filter>Header Files</Filter>
    </ClInclude>
    <ClInclude Include="C:\Users\205001\source\repos\Gemini\opendnp3\cpp\libs\src\asiodnp3\MasterStack.h">
      <Filter>Header Files</Filter>
    </ClInclude>
    <ClInclude Include="C:\Users\205001\source\repos\Gemini\opendnp3\cpp\libs\src\asiodnp3\OutstationStack.h">
      <Filter>Header Files</Filter>
    </ClInclude>
    <ClInclude Include="C:\Users\205001\source\repos\Gemini\opendnp3\cpp\libs\src\asiodnp3\SerialIOHandler.h">
      <Filter>Header Files</Filter>
    </ClInclude>
    <ClInclude Include="C:\Users\205001\source\repos\Gemini\opendnp3\cpp\libs\src\asiodnp3\StackBase.h">
      <Filter>Header Files</Filter>
    </ClInclude>
    <ClInclude Include="C:\Users\205001\source\repos\Gemini\opendnp3\cpp\libs\src\asiodnp3\TCPClientIOHandler.h">
      <Filter>Header Files</Filter>
    </ClInclude>
    <ClInclude Include="C:\Users\205001\source\repos\Gemini\opendnp3\cpp\libs\src\asiodnp3\TCPServerIOHandler.h">
      <Filter>Header Files</Filter>
    </ClInclude>
    <ClInclude Include="C:\Users\205001\source\repos\Gemini\opendnp3\cpp\libs\src\asiodnp3\tls\MasterTLSServer.h">
      <Filter>Header Files</Filter>
    </ClInclude>
    <ClInclude Include="C:\Users\205001\source\repos\Gemini\opendnp3\cpp\libs\src\asiodnp3\tls\TLSClientIOHandler.h">
      <Filter>Header Files</Filter>
    </ClInclude>
    <ClInclude Include="C:\Users\205001\source\repos\Gemini\opendnp3\cpp\libs\src\asiodnp3\tls\TLSServerIOHandler.h">
      <Filter>Header Files</Filter>
    </ClInclude>
  </ItemGroup>
  <ItemGroup>
    <CustomBuild Include="C:\Users\205001\source\repos\Gemini\opendnp3\CMakeLists.txt" />
  </ItemGroup>
  <ItemGroup>
    <Filter Include="Header Files">
      <UniqueIdentifier>{E833E93F-92D8-3AB0-8B4B-383E4DCD1E45}</UniqueIdentifier>
    </Filter>
    <Filter Include="Source Files">
      <UniqueIdentifier>{A2A593E9-5D5D-3430-A915-45E0E11FC07D}</UniqueIdentifier>
    </Filter>
  </ItemGroup>
</Project>
