Microsoft Visual Studio Solution File, Format Version 12.00
# Visual Studio 16
Project("{2150E333-8FDC-42A3-9474-1A3956D46DE8}") = "CMakePredefinedTargets", "CMakePredefinedTargets", "{BD71BE59-55EC-31B3-A59D-9A59D6582939}"
EndProject
Project("{2150E333-8FDC-42A3-9474-1A3956D46DE8}") = "cpp", "cpp", "{2EE9C176-18B6-32DC-BA3D-2EC81A9C5F3A}"
EndProject
Project("{2150E333-8FDC-42A3-9474-1A3956D46DE8}") = "libs", "cpp\libs", "{3BC9E982-8CC4-3E6B-AE19-C0523663F116}"
EndProject
Project("{2150E333-8FDC-42A3-9474-1A3956D46DE8}") = "dotnet", "dotnet", "{7A79F466-B02B-3C5F-B9DE-6B9821EA536D}"
EndProject
Project("{2150E333-8FDC-42A3-9474-1A3956D46DE8}") = "libs", "dotnet\libs", "{121D5FBD-71B3-386B-9C06-FCD06592DBAB}"
EndProject
Project("{8BC9CEB8-8B4A-11D0-8D11-00A0C91BC942}") = "ALL_BUILD", "ALL_BUILD.vcxproj", "{7FA65D61-CB97-3BBE-A4FC-812208F8637D}"
	ProjectSection(ProjectDependencies) = postProject
		{3344D1DF-AAEE-3D50-82DA-B60B53476CB8} = {3344D1DF-AAEE-3D50-82DA-B60B53476CB8}
		{1CB6F3C6-F17A-3158-ADAC-D067DDD5785C} = {1CB6F3C6-F17A-3158-ADAC-D067DDD5785C}
		{7898F247-AD11-36FD-AE91-521B7705F310} = {7898F247-AD11-36FD-AE91-521B7705F310}
		{D9FE0824-2758-3272-B3A4-9309266410B0} = {D9FE0824-2758-3272-B3A4-9309266410B0}
		{275FF60A-BDC0-32C1-943A-0F8329F5603E} = {275FF60A-BDC0-32C1-943A-0F8329F5603E}
		{B47404CA-6064-3D4F-A012-C4C9AC7833EF} = {B47404CA-6064-3D4F-A012-C4C9AC7833EF}
		{7C59CA46-A31E-3C08-B487-5E66B54AD14E} = {7C59CA46-A31E-3C08-B487-5E66B54AD14E}
	EndProjectSection
EndProject
Project("{8BC9CEB8-8B4A-11D0-8D11-00A0C91BC942}") = "DNP3CLRAdapter", "dotnet\CLRAdapter\DNP3CLRAdapter.vcxproj", "{3344D1DF-AAEE-3D50-82DA-B60B53476CB8}"
	ProjectSection(ProjectDependencies) = postProject
		{1CB6F3C6-F17A-3158-ADAC-D067DDD5785C} = {1CB6F3C6-F17A-3158-ADAC-D067DDD5785C}
		{7898F247-AD11-36FD-AE91-521B7705F310} = {7898F247-AD11-36FD-AE91-521B7705F310}
		{D9FE0824-2758-3272-B3A4-9309266410B0} = {D9FE0824-2758-3272-B3A4-9309266410B0}
		{275FF60A-BDC0-32C1-943A-0F8329F5603E} = {275FF60A-BDC0-32C1-943A-0F8329F5603E}
		{B47404CA-6064-3D4F-A012-C4C9AC7833EF} = {B47404CA-6064-3D4F-A012-C4C9AC7833EF}
		{7C59CA46-A31E-3C08-B487-5E66B54AD14E} = {7C59CA46-A31E-3C08-B487-5E66B54AD14E}
	EndProjectSection
EndProject
Project("{FAE04EC0-301F-11D3-BF4B-00C04F79EFBC}") = "DNP3CLRInterface", "dotnet\CLRInterface\DNP3CLRInterface.csproj", "{1CB6F3C6-F17A-3158-ADAC-D067DDD5785C}"
	ProjectSection(ProjectDependencies) = postProject
		{7898F247-AD11-36FD-AE91-521B7705F310} = {7898F247-AD11-36FD-AE91-521B7705F310}
	EndProjectSection
EndProject
Project("{8BC9CEB8-8B4A-11D0-8D11-00A0C91BC942}") = "INSTALL", "INSTALL.vcxproj", "{1AFA4F8C-F0AC-35C1-B7FE-C500277A7816}"
	ProjectSection(ProjectDependencies) = postProject
		{7FA65D61-CB97-3BBE-A4FC-812208F8637D} = {7FA65D61-CB97-3BBE-A4FC-812208F8637D}
		{7898F247-AD11-36FD-AE91-521B7705F310} = {7898F247-AD11-36FD-AE91-521B7705F310}
	EndProjectSection
EndProject
Project("{8BC9CEB8-8B4A-11D0-8D11-00A0C91BC942}") = "PACKAGE", "PACKAGE.vcxproj", "{B5C8FC12-CFE6-3BB9-B2A3-095868FB6949}"
	ProjectSection(ProjectDependencies) = postProject
		{7FA65D61-CB97-3BBE-A4FC-812208F8637D} = {7FA65D61-CB97-3BBE-A4FC-812208F8637D}
		{7898F247-AD11-36FD-AE91-521B7705F310} = {7898F247-AD11-36FD-AE91-521B7705F310}
	EndProjectSection
EndProject
Project("{8BC9CEB8-8B4A-11D0-8D11-00A0C91BC942}") = "ZERO_CHECK", "ZERO_CHECK.vcxproj", "{7898F247-AD11-36FD-AE91-521B7705F310}"
	ProjectSection(ProjectDependencies) = postProject
	EndProjectSection
EndProject
Project("{8BC9CEB8-8B4A-11D0-8D11-00A0C91BC942}") = "asiodnp3", "asiodnp3.vcxproj", "{D9FE0824-2758-3272-B3A4-9309266410B0}"
	ProjectSection(ProjectDependencies) = postProject
		{7898F247-AD11-36FD-AE91-521B7705F310} = {7898F247-AD11-36FD-AE91-521B7705F310}
		{275FF60A-BDC0-32C1-943A-0F8329F5603E} = {275FF60A-BDC0-32C1-943A-0F8329F5603E}
		{B47404CA-6064-3D4F-A012-C4C9AC7833EF} = {B47404CA-6064-3D4F-A012-C4C9AC7833EF}
		{7C59CA46-A31E-3C08-B487-5E66B54AD14E} = {7C59CA46-A31E-3C08-B487-5E66B54AD14E}
	EndProjectSection
EndProject
Project("{8BC9CEB8-8B4A-11D0-8D11-00A0C91BC942}") = "asiopal", "asiopal.vcxproj", "{275FF60A-BDC0-32C1-943A-0F8329F5603E}"
	ProjectSection(ProjectDependencies) = postProject
		{7898F247-AD11-36FD-AE91-521B7705F310} = {7898F247-AD11-36FD-AE91-521B7705F310}
		{7C59CA46-A31E-3C08-B487-5E66B54AD14E} = {7C59CA46-A31E-3C08-B487-5E66B54AD14E}
	EndProjectSection
EndProject
Project("{8BC9CEB8-8B4A-11D0-8D11-00A0C91BC942}") = "opendnp3", "opendnp3.vcxproj", "{B47404CA-6064-3D4F-A012-C4C9AC7833EF}"
	ProjectSection(ProjectDependencies) = postProject
		{7898F247-AD11-36FD-AE91-521B7705F310} = {7898F247-AD11-36FD-AE91-521B7705F310}
		{7C59CA46-A31E-3C08-B487-5E66B54AD14E} = {7C59CA46-A31E-3C08-B487-5E66B54AD14E}
	EndProjectSection
EndProject
Project("{8BC9CEB8-8B4A-11D0-8D11-00A0C91BC942}") = "openpal", "openpal.vcxproj", "{7C59CA46-A31E-3C08-B487-5E66B54AD14E}"
	ProjectSection(ProjectDependencies) = postProject
		{7898F247-AD11-36FD-AE91-521B7705F310} = {7898F247-AD11-36FD-AE91-521B7705F310}
	EndProjectSection
EndProject
Global
	GlobalSection(SolutionConfigurationPlatforms) = preSolution
		Debug|x64 = Debug|x64
		Release|x64 = Release|x64
		MinSizeRel|x64 = MinSizeRel|x64
		RelWithDebInfo|x64 = RelWithDebInfo|x64
	EndGlobalSection
	GlobalSection(ProjectConfigurationPlatforms) = postSolution
		{7FA65D61-CB97-3BBE-A4FC-812208F8637D}.Debug|x64.ActiveCfg = Debug|x64
		{7FA65D61-CB97-3BBE-A4FC-812208F8637D}.Debug|x64.Build.0 = Debug|x64
		{7FA65D61-CB97-3BBE-A4FC-812208F8637D}.Release|x64.ActiveCfg = Release|x64
		{7FA65D61-CB97-3BBE-A4FC-812208F8637D}.Release|x64.Build.0 = Release|x64
		{7FA65D61-CB97-3BBE-A4FC-812208F8637D}.MinSizeRel|x64.ActiveCfg = MinSizeRel|x64
		{7FA65D61-CB97-3BBE-A4FC-812208F8637D}.MinSizeRel|x64.Build.0 = MinSizeRel|x64
		{7FA65D61-CB97-3BBE-A4FC-812208F8637D}.RelWithDebInfo|x64.ActiveCfg = RelWithDebInfo|x64
		{7FA65D61-CB97-3BBE-A4FC-812208F8637D}.RelWithDebInfo|x64.Build.0 = RelWithDebInfo|x64
		{3344D1DF-AAEE-3D50-82DA-B60B53476CB8}.Debug|x64.ActiveCfg = Debug|x64
		{3344D1DF-AAEE-3D50-82DA-B60B53476CB8}.Debug|x64.Build.0 = Debug|x64
		{3344D1DF-AAEE-3D50-82DA-B60B53476CB8}.Release|x64.ActiveCfg = Release|x64
		{3344D1DF-AAEE-3D50-82DA-B60B53476CB8}.Release|x64.Build.0 = Release|x64
		{3344D1DF-AAEE-3D50-82DA-B60B53476CB8}.MinSizeRel|x64.ActiveCfg = MinSizeRel|x64
		{3344D1DF-AAEE-3D50-82DA-B60B53476CB8}.MinSizeRel|x64.Build.0 = MinSizeRel|x64
		{3344D1DF-AAEE-3D50-82DA-B60B53476CB8}.RelWithDebInfo|x64.ActiveCfg = RelWithDebInfo|x64
		{3344D1DF-AAEE-3D50-82DA-B60B53476CB8}.RelWithDebInfo|x64.Build.0 = RelWithDebInfo|x64
		{1CB6F3C6-F17A-3158-ADAC-D067DDD5785C}.Debug|x64.ActiveCfg = Debug|x64
		{1CB6F3C6-F17A-3158-ADAC-D067DDD5785C}.Debug|x64.Build.0 = Debug|x64
		{1CB6F3C6-F17A-3158-ADAC-D067DDD5785C}.Release|x64.ActiveCfg = Release|x64
		{1CB6F3C6-F17A-3158-ADAC-D067DDD5785C}.Release|x64.Build.0 = Release|x64
		{1CB6F3C6-F17A-3158-ADAC-D067DDD5785C}.MinSizeRel|x64.ActiveCfg = MinSizeRel|x64
		{1CB6F3C6-F17A-3158-ADAC-D067DDD5785C}.MinSizeRel|x64.Build.0 = MinSizeRel|x64
		{1CB6F3C6-F17A-3158-ADAC-D067DDD5785C}.RelWithDebInfo|x64.ActiveCfg = RelWithDebInfo|x64
		{1CB6F3C6-F17A-3158-ADAC-D067DDD5785C}.RelWithDebInfo|x64.Build.0 = RelWithDebInfo|x64
		{1AFA4F8C-F0AC-35C1-B7FE-C500277A7816}.Debug|x64.ActiveCfg = Debug|x64
		{1AFA4F8C-F0AC-35C1-B7FE-C500277A7816}.Release|x64.ActiveCfg = Release|x64
		{1AFA4F8C-F0AC-35C1-B7FE-C500277A7816}.MinSizeRel|x64.ActiveCfg = MinSizeRel|x64
		{1AFA4F8C-F0AC-35C1-B7FE-C500277A7816}.RelWithDebInfo|x64.ActiveCfg = RelWithDebInfo|x64
		{B5C8FC12-CFE6-3BB9-B2A3-095868FB6949}.Debug|x64.ActiveCfg = Debug|x64
		{B5C8FC12-CFE6-3BB9-B2A3-095868FB6949}.Release|x64.ActiveCfg = Release|x64
		{B5C8FC12-CFE6-3BB9-B2A3-095868FB6949}.MinSizeRel|x64.ActiveCfg = MinSizeRel|x64
		{B5C8FC12-CFE6-3BB9-B2A3-095868FB6949}.RelWithDebInfo|x64.ActiveCfg = RelWithDebInfo|x64
		{7898F247-AD11-36FD-AE91-521B7705F310}.Debug|x64.ActiveCfg = Debug|x64
		{7898F247-AD11-36FD-AE91-521B7705F310}.Debug|x64.Build.0 = Debug|x64
		{7898F247-AD11-36FD-AE91-521B7705F310}.Release|x64.ActiveCfg = Release|x64
		{7898F247-AD11-36FD-AE91-521B7705F310}.Release|x64.Build.0 = Release|x64
		{7898F247-AD11-36FD-AE91-521B7705F310}.MinSizeRel|x64.ActiveCfg = MinSizeRel|x64
		{7898F247-AD11-36FD-AE91-521B7705F310}.MinSizeRel|x64.Build.0 = MinSizeRel|x64
		{7898F247-AD11-36FD-AE91-521B7705F310}.RelWithDebInfo|x64.ActiveCfg = RelWithDebInfo|x64
		{7898F247-AD11-36FD-AE91-521B7705F310}.RelWithDebInfo|x64.Build.0 = RelWithDebInfo|x64
		{D9FE0824-2758-3272-B3A4-9309266410B0}.Debug|x64.ActiveCfg = Debug|x64
		{D9FE0824-2758-3272-B3A4-9309266410B0}.Debug|x64.Build.0 = Debug|x64
		{D9FE0824-2758-3272-B3A4-9309266410B0}.Release|x64.ActiveCfg = Release|x64
		{D9FE0824-2758-3272-B3A4-9309266410B0}.Release|x64.Build.0 = Release|x64
		{D9FE0824-2758-3272-B3A4-9309266410B0}.MinSizeRel|x64.ActiveCfg = MinSizeRel|x64
		{D9FE0824-2758-3272-B3A4-9309266410B0}.MinSizeRel|x64.Build.0 = MinSizeRel|x64
		{D9FE0824-2758-3272-B3A4-9309266410B0}.RelWithDebInfo|x64.ActiveCfg = RelWithDebInfo|x64
		{D9FE0824-2758-3272-B3A4-9309266410B0}.RelWithDebInfo|x64.Build.0 = RelWithDebInfo|x64
		{275FF60A-BDC0-32C1-943A-0F8329F5603E}.Debug|x64.ActiveCfg = Debug|x64
		{275FF60A-BDC0-32C1-943A-0F8329F5603E}.Debug|x64.Build.0 = Debug|x64
		{275FF60A-BDC0-32C1-943A-0F8329F5603E}.Release|x64.ActiveCfg = Release|x64
		{275FF60A-BDC0-32C1-943A-0F8329F5603E}.Release|x64.Build.0 = Release|x64
		{275FF60A-BDC0-32C1-943A-0F8329F5603E}.MinSizeRel|x64.ActiveCfg = MinSizeRel|x64
		{275FF60A-BDC0-32C1-943A-0F8329F5603E}.MinSizeRel|x64.Build.0 = MinSizeRel|x64
		{275FF60A-BDC0-32C1-943A-0F8329F5603E}.RelWithDebInfo|x64.ActiveCfg = RelWithDebInfo|x64
		{275FF60A-BDC0-32C1-943A-0F8329F5603E}.RelWithDebInfo|x64.Build.0 = RelWithDebInfo|x64
		{B47404CA-6064-3D4F-A012-C4C9AC7833EF}.Debug|x64.ActiveCfg = Debug|x64
		{B47404CA-6064-3D4F-A012-C4C9AC7833EF}.Debug|x64.Build.0 = Debug|x64
		{B47404CA-6064-3D4F-A012-C4C9AC7833EF}.Release|x64.ActiveCfg = Release|x64
		{B47404CA-6064-3D4F-A012-C4C9AC7833EF}.Release|x64.Build.0 = Release|x64
		{B47404CA-6064-3D4F-A012-C4C9AC7833EF}.MinSizeRel|x64.ActiveCfg = MinSizeRel|x64
		{B47404CA-6064-3D4F-A012-C4C9AC7833EF}.MinSizeRel|x64.Build.0 = MinSizeRel|x64
		{B47404CA-6064-3D4F-A012-C4C9AC7833EF}.RelWithDebInfo|x64.ActiveCfg = RelWithDebInfo|x64
		{B47404CA-6064-3D4F-A012-C4C9AC7833EF}.RelWithDebInfo|x64.Build.0 = RelWithDebInfo|x64
		{7C59CA46-A31E-3C08-B487-5E66B54AD14E}.Debug|x64.ActiveCfg = Debug|x64
		{7C59CA46-A31E-3C08-B487-5E66B54AD14E}.Debug|x64.Build.0 = Debug|x64
		{7C59CA46-A31E-3C08-B487-5E66B54AD14E}.Release|x64.ActiveCfg = Release|x64
		{7C59CA46-A31E-3C08-B487-5E66B54AD14E}.Release|x64.Build.0 = Release|x64
		{7C59CA46-A31E-3C08-B487-5E66B54AD14E}.MinSizeRel|x64.ActiveCfg = MinSizeRel|x64
		{7C59CA46-A31E-3C08-B487-5E66B54AD14E}.MinSizeRel|x64.Build.0 = MinSizeRel|x64
		{7C59CA46-A31E-3C08-B487-5E66B54AD14E}.RelWithDebInfo|x64.ActiveCfg = RelWithDebInfo|x64
		{7C59CA46-A31E-3C08-B487-5E66B54AD14E}.RelWithDebInfo|x64.Build.0 = RelWithDebInfo|x64
	EndGlobalSection
	GlobalSection(NestedProjects) = preSolution
		{7FA65D61-CB97-3BBE-A4FC-812208F8637D} = {BD71BE59-55EC-31B3-A59D-9A59D6582939}
		{1AFA4F8C-F0AC-35C1-B7FE-C500277A7816} = {BD71BE59-55EC-31B3-A59D-9A59D6582939}
		{B5C8FC12-CFE6-3BB9-B2A3-095868FB6949} = {BD71BE59-55EC-31B3-A59D-9A59D6582939}
		{7898F247-AD11-36FD-AE91-521B7705F310} = {BD71BE59-55EC-31B3-A59D-9A59D6582939}
		{3BC9E982-8CC4-3E6B-AE19-C0523663F116} = {2EE9C176-18B6-32DC-BA3D-2EC81A9C5F3A}
		{D9FE0824-2758-3272-B3A4-9309266410B0} = {3BC9E982-8CC4-3E6B-AE19-C0523663F116}
		{275FF60A-BDC0-32C1-943A-0F8329F5603E} = {3BC9E982-8CC4-3E6B-AE19-C0523663F116}
		{B47404CA-6064-3D4F-A012-C4C9AC7833EF} = {3BC9E982-8CC4-3E6B-AE19-C0523663F116}
		{7C59CA46-A31E-3C08-B487-5E66B54AD14E} = {3BC9E982-8CC4-3E6B-AE19-C0523663F116}
		{121D5FBD-71B3-386B-9C06-FCD06592DBAB} = {7A79F466-B02B-3C5F-B9DE-6B9821EA536D}
		{3344D1DF-AAEE-3D50-82DA-B60B53476CB8} = {121D5FBD-71B3-386B-9C06-FCD06592DBAB}
		{1CB6F3C6-F17A-3158-ADAC-D067DDD5785C} = {121D5FBD-71B3-386B-9C06-FCD06592DBAB}
	EndGlobalSection
	GlobalSection(ExtensibilityGlobals) = postSolution
		SolutionGuid = {07948897-7D5B-373B-B5AA-F20C184512E7}
	EndGlobalSection
	GlobalSection(ExtensibilityAddIns) = postSolution
	EndGlobalSection
EndGlobal
