<?xml version="1.0" encoding="utf-8"?>
<Project ToolsVersion="16.0" xmlns="http://schemas.microsoft.com/developer/msbuild/2003">
  <ItemGroup>
    <ClCompile Include="C:\Users\205001\source\repos\Gemini\opendnp3\cpp\libs\src\openpal\container\Buffer.cpp">
      <Filter>Source Files</Filter>
    </ClCompile>
    <ClCompile Include="C:\Users\205001\source\repos\Gemini\opendnp3\cpp\libs\src\openpal\container\RSlice.cpp">
      <Filter>Source Files</Filter>
    </ClCompile>
    <ClCompile Include="C:\Users\205001\source\repos\Gemini\opendnp3\cpp\libs\src\openpal\container\WSlice.cpp">
      <Filter>Source Files</Filter>
    </ClCompile>
    <ClCompile Include="C:\Users\205001\source\repos\Gemini\opendnp3\cpp\libs\src\openpal\executor\MonotonicTimestamp.cpp">
      <Filter>Source Files</Filter>
    </ClCompile>
    <ClCompile Include="C:\Users\205001\source\repos\Gemini\opendnp3\cpp\libs\src\openpal\executor\TimeDuration.cpp">
      <Filter>Source Files</Filter>
    </ClCompile>
    <ClCompile Include="C:\Users\205001\source\repos\Gemini\opendnp3\cpp\libs\src\openpal\executor\TimerRef.cpp">
      <Filter>Source Files</Filter>
    </ClCompile>
    <ClCompile Include="C:\Users\205001\source\repos\Gemini\opendnp3\cpp\libs\src\openpal\logging\Logger.cpp">
      <Filter>Source Files</Filter>
    </ClCompile>
    <ClCompile Include="C:\Users\205001\source\repos\Gemini\opendnp3\cpp\libs\src\openpal\logging\StringFormatting.cpp">
      <Filter>Source Files</Filter>
    </ClCompile>
    <ClCompile Include="C:\Users\205001\source\repos\Gemini\opendnp3\cpp\libs\src\openpal\serialization\ByteSerialization.cpp">
      <Filter>Source Files</Filter>
    </ClCompile>
    <ClCompile Include="C:\Users\205001\source\repos\Gemini\opendnp3\cpp\libs\src\openpal\serialization\DoubleFloat.cpp">
      <Filter>Source Files</Filter>
    </ClCompile>
    <ClCompile Include="C:\Users\205001\source\repos\Gemini\opendnp3\cpp\libs\src\openpal\serialization\FloatByteOrder.cpp">
      <Filter>Source Files</Filter>
    </ClCompile>
    <ClCompile Include="C:\Users\205001\source\repos\Gemini\opendnp3\cpp\libs\src\openpal\serialization\Format.cpp">
      <Filter>Source Files</Filter>
    </ClCompile>
    <ClCompile Include="C:\Users\205001\source\repos\Gemini\opendnp3\cpp\libs\src\openpal\serialization\Parse.cpp">
      <Filter>Source Files</Filter>
    </ClCompile>
    <ClCompile Include="C:\Users\205001\source\repos\Gemini\opendnp3\cpp\libs\src\openpal\serialization\SingleFloat.cpp">
      <Filter>Source Files</Filter>
    </ClCompile>
    <ClCompile Include="C:\Users\205001\source\repos\Gemini\opendnp3\cpp\libs\src\openpal\serialization\UInt48LE.cpp">
      <Filter>Source Files</Filter>
    </ClCompile>
    <ClCompile Include="C:\Users\205001\source\repos\Gemini\opendnp3\cpp\libs\src\openpal\util\Limits.cpp">
      <Filter>Source Files</Filter>
    </ClCompile>
    <ClCompile Include="C:\Users\205001\source\repos\Gemini\opendnp3\cpp\libs\src\openpal\util\ToHex.cpp">
      <Filter>Source Files</Filter>
    </ClCompile>
  </ItemGroup>
  <ItemGroup>
    <ClInclude Include="C:\Users\205001\source\repos\Gemini\opendnp3\cpp\libs\include\openpal\Configure.h">
      <Filter>Header Files</Filter>
    </ClInclude>
    <ClInclude Include="C:\Users\205001\source\repos\Gemini\opendnp3\cpp\libs\include\openpal\channel\IPhysicalLayer.h">
      <Filter>Header Files</Filter>
    </ClInclude>
    <ClInclude Include="C:\Users\205001\source\repos\Gemini\opendnp3\cpp\libs\include\openpal\channel\IPhysicalLayerCallbacks.h">
      <Filter>Header Files</Filter>
    </ClInclude>
    <ClInclude Include="C:\Users\205001\source\repos\Gemini\opendnp3\cpp\libs\include\openpal\container\Array.h">
      <Filter>Header Files</Filter>
    </ClInclude>
    <ClInclude Include="C:\Users\205001\source\repos\Gemini\opendnp3\cpp\libs\include\openpal\container\ArrayView.h">
      <Filter>Header Files</Filter>
    </ClInclude>
    <ClInclude Include="C:\Users\205001\source\repos\Gemini\opendnp3\cpp\libs\include\openpal\container\Buffer.h">
      <Filter>Header Files</Filter>
    </ClInclude>
    <ClInclude Include="C:\Users\205001\source\repos\Gemini\opendnp3\cpp\libs\include\openpal\container\HasSize.h">
      <Filter>Header Files</Filter>
    </ClInclude>
    <ClInclude Include="C:\Users\205001\source\repos\Gemini\opendnp3\cpp\libs\include\openpal\container\Pair.h">
      <Filter>Header Files</Filter>
    </ClInclude>
    <ClInclude Include="C:\Users\205001\source\repos\Gemini\opendnp3\cpp\libs\include\openpal\container\RSlice.h">
      <Filter>Header Files</Filter>
    </ClInclude>
    <ClInclude Include="C:\Users\205001\source\repos\Gemini\opendnp3\cpp\libs\include\openpal\container\Settable.h">
      <Filter>Header Files</Filter>
    </ClInclude>
    <ClInclude Include="C:\Users\205001\source\repos\Gemini\opendnp3\cpp\libs\include\openpal\container\StaticBuffer.h">
      <Filter>Header Files</Filter>
    </ClInclude>
    <ClInclude Include="C:\Users\205001\source\repos\Gemini\opendnp3\cpp\libs\include\openpal\container\WSlice.h">
      <Filter>Header Files</Filter>
    </ClInclude>
    <ClInclude Include="C:\Users\205001\source\repos\Gemini\opendnp3\cpp\libs\include\openpal\executor\IExecutor.h">
      <Filter>Header Files</Filter>
    </ClInclude>
    <ClInclude Include="C:\Users\205001\source\repos\Gemini\opendnp3\cpp\libs\include\openpal\executor\IMonotonicTimeSource.h">
      <Filter>Header Files</Filter>
    </ClInclude>
    <ClInclude Include="C:\Users\205001\source\repos\Gemini\opendnp3\cpp\libs\include\openpal\executor\ITimer.h">
      <Filter>Header Files</Filter>
    </ClInclude>
    <ClInclude Include="C:\Users\205001\source\repos\Gemini\opendnp3\cpp\libs\include\openpal\executor\IUTCTimeSource.h">
      <Filter>Header Files</Filter>
    </ClInclude>
    <ClInclude Include="C:\Users\205001\source\repos\Gemini\opendnp3\cpp\libs\include\openpal\executor\MonotonicTimestamp.h">
      <Filter>Header Files</Filter>
    </ClInclude>
    <ClInclude Include="C:\Users\205001\source\repos\Gemini\opendnp3\cpp\libs\include\openpal\executor\TimeDuration.h">
      <Filter>Header Files</Filter>
    </ClInclude>
    <ClInclude Include="C:\Users\205001\source\repos\Gemini\opendnp3\cpp\libs\include\openpal\executor\TimerRef.h">
      <Filter>Header Files</Filter>
    </ClInclude>
    <ClInclude Include="C:\Users\205001\source\repos\Gemini\opendnp3\cpp\libs\include\openpal\executor\UTCTimestamp.h">
      <Filter>Header Files</Filter>
    </ClInclude>
    <ClInclude Include="C:\Users\205001\source\repos\Gemini\opendnp3\cpp\libs\include\openpal\logging\ILogHandler.h">
      <Filter>Header Files</Filter>
    </ClInclude>
    <ClInclude Include="C:\Users\205001\source\repos\Gemini\opendnp3\cpp\libs\include\openpal\logging\Location.h">
      <Filter>Header Files</Filter>
    </ClInclude>
    <ClInclude Include="C:\Users\205001\source\repos\Gemini\opendnp3\cpp\libs\include\openpal\logging\LogEntry.h">
      <Filter>Header Files</Filter>
    </ClInclude>
    <ClInclude Include="C:\Users\205001\source\repos\Gemini\opendnp3\cpp\libs\include\openpal\logging\LogFilters.h">
      <Filter>Header Files</Filter>
    </ClInclude>
    <ClInclude Include="C:\Users\205001\source\repos\Gemini\opendnp3\cpp\libs\include\openpal\logging\LogLevels.h">
      <Filter>Header Files</Filter>
    </ClInclude>
    <ClInclude Include="C:\Users\205001\source\repos\Gemini\opendnp3\cpp\libs\include\openpal\logging\LogMacros.h">
      <Filter>Header Files</Filter>
    </ClInclude>
    <ClInclude Include="C:\Users\205001\source\repos\Gemini\opendnp3\cpp\libs\include\openpal\logging\Logger.h">
      <Filter>Header Files</Filter>
    </ClInclude>
    <ClInclude Include="C:\Users\205001\source\repos\Gemini\opendnp3\cpp\libs\include\openpal\logging\StringFormatting.h">
      <Filter>Header Files</Filter>
    </ClInclude>
    <ClInclude Include="C:\Users\205001\source\repos\Gemini\opendnp3\cpp\libs\include\openpal\serialization\ByteSerialization.h">
      <Filter>Header Files</Filter>
    </ClInclude>
    <ClInclude Include="C:\Users\205001\source\repos\Gemini\opendnp3\cpp\libs\include\openpal\serialization\DoubleFloat.h">
      <Filter>Header Files</Filter>
    </ClInclude>
    <ClInclude Include="C:\Users\205001\source\repos\Gemini\opendnp3\cpp\libs\include\openpal\serialization\FloatByteOrder.h">
      <Filter>Header Files</Filter>
    </ClInclude>
    <ClInclude Include="C:\Users\205001\source\repos\Gemini\opendnp3\cpp\libs\include\openpal\serialization\Format.h">
      <Filter>Header Files</Filter>
    </ClInclude>
    <ClInclude Include="C:\Users\205001\source\repos\Gemini\opendnp3\cpp\libs\include\openpal\serialization\Parse.h">
      <Filter>Header Files</Filter>
    </ClInclude>
    <ClInclude Include="C:\Users\205001\source\repos\Gemini\opendnp3\cpp\libs\include\openpal\serialization\Serialization.h">
      <Filter>Header Files</Filter>
    </ClInclude>
    <ClInclude Include="C:\Users\205001\source\repos\Gemini\opendnp3\cpp\libs\include\openpal\serialization\SerializationTemplatesLE.h">
      <Filter>Header Files</Filter>
    </ClInclude>
    <ClInclude Include="C:\Users\205001\source\repos\Gemini\opendnp3\cpp\libs\include\openpal\serialization\Serializer.h">
      <Filter>Header Files</Filter>
    </ClInclude>
    <ClInclude Include="C:\Users\205001\source\repos\Gemini\opendnp3\cpp\libs\include\openpal\serialization\SingleFloat.h">
      <Filter>Header Files</Filter>
    </ClInclude>
    <ClInclude Include="C:\Users\205001\source\repos\Gemini\opendnp3\cpp\libs\include\openpal\serialization\UInt48LE.h">
      <Filter>Header Files</Filter>
    </ClInclude>
    <ClInclude Include="C:\Users\205001\source\repos\Gemini\opendnp3\cpp\libs\include\openpal\serialization\UInt48Type.h">
      <Filter>Header Files</Filter>
    </ClInclude>
    <ClInclude Include="C:\Users\205001\source\repos\Gemini\opendnp3\cpp\libs\include\openpal\util\Comparisons.h">
      <Filter>Header Files</Filter>
    </ClInclude>
    <ClInclude Include="C:\Users\205001\source\repos\Gemini\opendnp3\cpp\libs\include\openpal\util\Finally.h">
      <Filter>Header Files</Filter>
    </ClInclude>
    <ClInclude Include="C:\Users\205001\source\repos\Gemini\opendnp3\cpp\libs\include\openpal\util\Limits.h">
      <Filter>Header Files</Filter>
    </ClInclude>
    <ClInclude Include="C:\Users\205001\source\repos\Gemini\opendnp3\cpp\libs\include\openpal\util\SequenceNum.h">
      <Filter>Header Files</Filter>
    </ClInclude>
    <ClInclude Include="C:\Users\205001\source\repos\Gemini\opendnp3\cpp\libs\include\openpal\util\ToHex.h">
      <Filter>Header Files</Filter>
    </ClInclude>
    <ClInclude Include="C:\Users\205001\source\repos\Gemini\opendnp3\cpp\libs\include\openpal\util\Uncopyable.h">
      <Filter>Header Files</Filter>
    </ClInclude>
  </ItemGroup>
  <ItemGroup>
    <CustomBuild Include="C:\Users\205001\source\repos\Gemini\opendnp3\CMakeLists.txt" />
  </ItemGroup>
  <ItemGroup>
    <Filter Include="Header Files">
      <UniqueIdentifier>{E833E93F-92D8-3AB0-8B4B-383E4DCD1E45}</UniqueIdentifier>
    </Filter>
    <Filter Include="Source Files">
      <UniqueIdentifier>{A2A593E9-5D5D-3430-A915-45E0E11FC07D}</UniqueIdentifier>
    </Filter>
  </ItemGroup>
</Project>
