<?xml version="1.0" encoding="utf-8"?>
<Project ToolsVersion="16.0" xmlns="http://schemas.microsoft.com/developer/msbuild/2003">
  <ItemGroup>
    <ClCompile Include="C:\Users\205001\source\repos\Gemini\opendnp3\cpp\libs\src\opendnp3\LogLevels.cpp">
      <Filter>Source Files</Filter>
    </ClCompile>
    <ClCompile Include="C:\Users\205001\source\repos\Gemini\opendnp3\cpp\libs\src\opendnp3\app\APDUBuilders.cpp">
      <Filter>Source Files</Filter>
    </ClCompile>
    <ClCompile Include="C:\Users\205001\source\repos\Gemini\opendnp3\cpp\libs\src\opendnp3\app\APDUHeader.cpp">
      <Filter>Source Files</Filter>
    </ClCompile>
    <ClCompile Include="C:\Users\205001\source\repos\Gemini\opendnp3\cpp\libs\src\opendnp3\app\APDULogging.cpp">
      <Filter>Source Files</Filter>
    </ClCompile>
    <ClCompile Include="C:\Users\205001\source\repos\Gemini\opendnp3\cpp\libs\src\opendnp3\app\APDURequest.cpp">
      <Filter>Source Files</Filter>
    </ClCompile>
    <ClCompile Include="C:\Users\205001\source\repos\Gemini\opendnp3\cpp\libs\src\opendnp3\app\APDUResponse.cpp">
      <Filter>Source Files</Filter>
    </ClCompile>
    <ClCompile Include="C:\Users\205001\source\repos\Gemini\opendnp3\cpp\libs\src\opendnp3\app\APDUWrapper.cpp">
      <Filter>Source Files</Filter>
    </ClCompile>
    <ClCompile Include="C:\Users\205001\source\repos\Gemini\opendnp3\cpp\libs\src\opendnp3\app\AnalogCommandEvent.cpp">
      <Filter>Source Files</Filter>
    </ClCompile>
    <ClCompile Include="C:\Users\205001\source\repos\Gemini\opendnp3\cpp\libs\src\opendnp3\app\AnalogOutput.cpp">
      <Filter>Source Files</Filter>
    </ClCompile>
    <ClCompile Include="C:\Users\205001\source\repos\Gemini\opendnp3\cpp\libs\src\opendnp3\app\AppControlField.cpp">
      <Filter>Source Files</Filter>
    </ClCompile>
    <ClCompile Include="C:\Users\205001\source\repos\Gemini\opendnp3\cpp\libs\src\opendnp3\app\BinaryCommandEvent.cpp">
      <Filter>Source Files</Filter>
    </ClCompile>
    <ClCompile Include="C:\Users\205001\source\repos\Gemini\opendnp3\cpp\libs\src\opendnp3\app\ClassField.cpp">
      <Filter>Source Files</Filter>
    </ClCompile>
    <ClCompile Include="C:\Users\205001\source\repos\Gemini\opendnp3\cpp\libs\src\opendnp3\app\ControlRelayOutputBlock.cpp">
      <Filter>Source Files</Filter>
    </ClCompile>
    <ClCompile Include="C:\Users\205001\source\repos\Gemini\opendnp3\cpp\libs\src\opendnp3\app\EventTriggers.cpp">
      <Filter>Source Files</Filter>
    </ClCompile>
    <ClCompile Include="C:\Users\205001\source\repos\Gemini\opendnp3\cpp\libs\src\opendnp3\app\Functions.cpp">
      <Filter>Source Files</Filter>
    </ClCompile>
    <ClCompile Include="C:\Users\205001\source\repos\Gemini\opendnp3\cpp\libs\src\opendnp3\app\GroupVariationRecord.cpp">
      <Filter>Source Files</Filter>
    </ClCompile>
    <ClCompile Include="C:\Users\205001\source\repos\Gemini\opendnp3\cpp\libs\src\opendnp3\app\HeaderWriter.cpp">
      <Filter>Source Files</Filter>
    </ClCompile>
    <ClCompile Include="C:\Users\205001\source\repos\Gemini\opendnp3\cpp\libs\src\opendnp3\app\IINField.cpp">
      <Filter>Source Files</Filter>
    </ClCompile>
    <ClCompile Include="C:\Users\205001\source\repos\Gemini\opendnp3\cpp\libs\src\opendnp3\app\MeasurementTypes.cpp">
      <Filter>Source Files</Filter>
    </ClCompile>
    <ClCompile Include="C:\Users\205001\source\repos\Gemini\opendnp3\cpp\libs\src\opendnp3\app\OctetData.cpp">
      <Filter>Source Files</Filter>
    </ClCompile>
    <ClCompile Include="C:\Users\205001\source\repos\Gemini\opendnp3\cpp\libs\src\opendnp3\app\QualityFlags.cpp">
      <Filter>Source Files</Filter>
    </ClCompile>
    <ClCompile Include="C:\Users\205001\source\repos\Gemini\opendnp3\cpp\libs\src\opendnp3\app\SecurityStat.cpp">
      <Filter>Source Files</Filter>
    </ClCompile>
    <ClCompile Include="C:\Users\205001\source\repos\Gemini\opendnp3\cpp\libs\src\opendnp3\app\parsing\APDUHeaderParser.cpp">
      <Filter>Source Files</Filter>
    </ClCompile>
    <ClCompile Include="C:\Users\205001\source\repos\Gemini\opendnp3\cpp\libs\src\opendnp3\app\parsing\APDUParser.cpp">
      <Filter>Source Files</Filter>
    </ClCompile>
    <ClCompile Include="C:\Users\205001\source\repos\Gemini\opendnp3\cpp\libs\src\opendnp3\app\parsing\BitReader.cpp">
      <Filter>Source Files</Filter>
    </ClCompile>
    <ClCompile Include="C:\Users\205001\source\repos\Gemini\opendnp3\cpp\libs\src\opendnp3\app\parsing\CountIndexParser.cpp">
      <Filter>Source Files</Filter>
    </ClCompile>
    <ClCompile Include="C:\Users\205001\source\repos\Gemini\opendnp3\cpp\libs\src\opendnp3\app\parsing\CountParser.cpp">
      <Filter>Source Files</Filter>
    </ClCompile>
    <ClCompile Include="C:\Users\205001\source\repos\Gemini\opendnp3\cpp\libs\src\opendnp3\app\parsing\FreeFormatParser.cpp">
      <Filter>Source Files</Filter>
    </ClCompile>
    <ClCompile Include="C:\Users\205001\source\repos\Gemini\opendnp3\cpp\libs\src\opendnp3\app\parsing\IAPDUHandler.cpp">
      <Filter>Source Files</Filter>
    </ClCompile>
    <ClCompile Include="C:\Users\205001\source\repos\Gemini\opendnp3\cpp\libs\src\opendnp3\app\parsing\NumParser.cpp">
      <Filter>Source Files</Filter>
    </ClCompile>
    <ClCompile Include="C:\Users\205001\source\repos\Gemini\opendnp3\cpp\libs\src\opendnp3\app\parsing\ObjectHeaderParser.cpp">
      <Filter>Source Files</Filter>
    </ClCompile>
    <ClCompile Include="C:\Users\205001\source\repos\Gemini\opendnp3\cpp\libs\src\opendnp3\app\parsing\RangeParser.cpp">
      <Filter>Source Files</Filter>
    </ClCompile>
    <ClCompile Include="C:\Users\205001\source\repos\Gemini\opendnp3\cpp\libs\src\opendnp3\gen\Attributes.cpp">
      <Filter>Source Files</Filter>
    </ClCompile>
    <ClCompile Include="C:\Users\205001\source\repos\Gemini\opendnp3\cpp\libs\src\opendnp3\gen\AuthErrorCode.cpp">
      <Filter>Source Files</Filter>
    </ClCompile>
    <ClCompile Include="C:\Users\205001\source\repos\Gemini\opendnp3\cpp\libs\src\opendnp3\gen\CertificateType.cpp">
      <Filter>Source Files</Filter>
    </ClCompile>
    <ClCompile Include="C:\Users\205001\source\repos\Gemini\opendnp3\cpp\libs\src\opendnp3\gen\ChallengeReason.cpp">
      <Filter>Source Files</Filter>
    </ClCompile>
    <ClCompile Include="C:\Users\205001\source\repos\Gemini\opendnp3\cpp\libs\src\opendnp3\gen\ChannelState.cpp">
      <Filter>Source Files</Filter>
    </ClCompile>
    <ClCompile Include="C:\Users\205001\source\repos\Gemini\opendnp3\cpp\libs\src\opendnp3\gen\CommandPointState.cpp">
      <Filter>Source Files</Filter>
    </ClCompile>
    <ClCompile Include="C:\Users\205001\source\repos\Gemini\opendnp3\cpp\libs\src\opendnp3\gen\CommandStatus.cpp">
      <Filter>Source Files</Filter>
    </ClCompile>
    <ClCompile Include="C:\Users\205001\source\repos\Gemini\opendnp3\cpp\libs\src\opendnp3\gen\ControlCode.cpp">
      <Filter>Source Files</Filter>
    </ClCompile>
    <ClCompile Include="C:\Users\205001\source\repos\Gemini\opendnp3\cpp\libs\src\opendnp3\gen\DoubleBit.cpp">
      <Filter>Source Files</Filter>
    </ClCompile>
    <ClCompile Include="C:\Users\205001\source\repos\Gemini\opendnp3\cpp\libs\src\opendnp3\gen\FlagsType.cpp">
      <Filter>Source Files</Filter>
    </ClCompile>
    <ClCompile Include="C:\Users\205001\source\repos\Gemini\opendnp3\cpp\libs\src\opendnp3\gen\FlowControl.cpp">
      <Filter>Source Files</Filter>
    </ClCompile>
    <ClCompile Include="C:\Users\205001\source\repos\Gemini\opendnp3\cpp\libs\src\opendnp3\gen\FunctionCode.cpp">
      <Filter>Source Files</Filter>
    </ClCompile>
    <ClCompile Include="C:\Users\205001\source\repos\Gemini\opendnp3\cpp\libs\src\opendnp3\gen\GroupVariation.cpp">
      <Filter>Source Files</Filter>
    </ClCompile>
    <ClCompile Include="C:\Users\205001\source\repos\Gemini\opendnp3\cpp\libs\src\opendnp3\gen\HMACType.cpp">
      <Filter>Source Files</Filter>
    </ClCompile>
    <ClCompile Include="C:\Users\205001\source\repos\Gemini\opendnp3\cpp\libs\src\opendnp3\gen\IntervalUnits.cpp">
      <Filter>Source Files</Filter>
    </ClCompile>
    <ClCompile Include="C:\Users\205001\source\repos\Gemini\opendnp3\cpp\libs\src\opendnp3\gen\KeyChangeMethod.cpp">
      <Filter>Source Files</Filter>
    </ClCompile>
    <ClCompile Include="C:\Users\205001\source\repos\Gemini\opendnp3\cpp\libs\src\opendnp3\gen\KeyStatus.cpp">
      <Filter>Source Files</Filter>
    </ClCompile>
    <ClCompile Include="C:\Users\205001\source\repos\Gemini\opendnp3\cpp\libs\src\opendnp3\gen\KeyWrapAlgorithm.cpp">
      <Filter>Source Files</Filter>
    </ClCompile>
    <ClCompile Include="C:\Users\205001\source\repos\Gemini\opendnp3\cpp\libs\src\opendnp3\gen\LinkFunction.cpp">
      <Filter>Source Files</Filter>
    </ClCompile>
    <ClCompile Include="C:\Users\205001\source\repos\Gemini\opendnp3\cpp\libs\src\opendnp3\gen\LinkStatus.cpp">
      <Filter>Source Files</Filter>
    </ClCompile>
    <ClCompile Include="C:\Users\205001\source\repos\Gemini\opendnp3\cpp\libs\src\opendnp3\gen\MasterTaskType.cpp">
      <Filter>Source Files</Filter>
    </ClCompile>
    <ClCompile Include="C:\Users\205001\source\repos\Gemini\opendnp3\cpp\libs\src\opendnp3\gen\Parity.cpp">
      <Filter>Source Files</Filter>
    </ClCompile>
    <ClCompile Include="C:\Users\205001\source\repos\Gemini\opendnp3\cpp\libs\src\opendnp3\gen\QualifierCode.cpp">
      <Filter>Source Files</Filter>
    </ClCompile>
    <ClCompile Include="C:\Users\205001\source\repos\Gemini\opendnp3\cpp\libs\src\opendnp3\gen\ServerAcceptMode.cpp">
      <Filter>Source Files</Filter>
    </ClCompile>
    <ClCompile Include="C:\Users\205001\source\repos\Gemini\opendnp3\cpp\libs\src\opendnp3\gen\StopBits.cpp">
      <Filter>Source Files</Filter>
    </ClCompile>
    <ClCompile Include="C:\Users\205001\source\repos\Gemini\opendnp3\cpp\libs\src\opendnp3\gen\TaskCompletion.cpp">
      <Filter>Source Files</Filter>
    </ClCompile>
    <ClCompile Include="C:\Users\205001\source\repos\Gemini\opendnp3\cpp\libs\src\opendnp3\gen\UserOperation.cpp">
      <Filter>Source Files</Filter>
    </ClCompile>
    <ClCompile Include="C:\Users\205001\source\repos\Gemini\opendnp3\cpp\libs\src\opendnp3\gen\UserRole.cpp">
      <Filter>Source Files</Filter>
    </ClCompile>
    <ClCompile Include="C:\Users\205001\source\repos\Gemini\opendnp3\cpp\libs\src\opendnp3\link\CRC.cpp">
      <Filter>Source Files</Filter>
    </ClCompile>
    <ClCompile Include="C:\Users\205001\source\repos\Gemini\opendnp3\cpp\libs\src\opendnp3\link\LinkContext.cpp">
      <Filter>Source Files</Filter>
    </ClCompile>
    <ClCompile Include="C:\Users\205001\source\repos\Gemini\opendnp3\cpp\libs\src\opendnp3\link\LinkFrame.cpp">
      <Filter>Source Files</Filter>
    </ClCompile>
    <ClCompile Include="C:\Users\205001\source\repos\Gemini\opendnp3\cpp\libs\src\opendnp3\link\LinkHeader.cpp">
      <Filter>Source Files</Filter>
    </ClCompile>
    <ClCompile Include="C:\Users\205001\source\repos\Gemini\opendnp3\cpp\libs\src\opendnp3\link\LinkHeaderFields.cpp">
      <Filter>Source Files</Filter>
    </ClCompile>
    <ClCompile Include="C:\Users\205001\source\repos\Gemini\opendnp3\cpp\libs\src\opendnp3\link\LinkLayer.cpp">
      <Filter>Source Files</Filter>
    </ClCompile>
    <ClCompile Include="C:\Users\205001\source\repos\Gemini\opendnp3\cpp\libs\src\opendnp3\link\LinkLayerParser.cpp">
      <Filter>Source Files</Filter>
    </ClCompile>
    <ClCompile Include="C:\Users\205001\source\repos\Gemini\opendnp3\cpp\libs\src\opendnp3\link\PriLinkLayerStates.cpp">
      <Filter>Source Files</Filter>
    </ClCompile>
    <ClCompile Include="C:\Users\205001\source\repos\Gemini\opendnp3\cpp\libs\src\opendnp3\link\SecLinkLayerStates.cpp">
      <Filter>Source Files</Filter>
    </ClCompile>
    <ClCompile Include="C:\Users\205001\source\repos\Gemini\opendnp3\cpp\libs\src\opendnp3\link\ShiftableBuffer.cpp">
      <Filter>Source Files</Filter>
    </ClCompile>
    <ClCompile Include="C:\Users\205001\source\repos\Gemini\opendnp3\cpp\libs\src\opendnp3\master\AssignClassTask.cpp">
      <Filter>Source Files</Filter>
    </ClCompile>
    <ClCompile Include="C:\Users\205001\source\repos\Gemini\opendnp3\cpp\libs\src\opendnp3\master\ClearRestartTask.cpp">
      <Filter>Source Files</Filter>
    </ClCompile>
    <ClCompile Include="C:\Users\205001\source\repos\Gemini\opendnp3\cpp\libs\src\opendnp3\master\CommandSet.cpp">
      <Filter>Source Files</Filter>
    </ClCompile>
    <ClCompile Include="C:\Users\205001\source\repos\Gemini\opendnp3\cpp\libs\src\opendnp3\master\CommandSetOps.cpp">
      <Filter>Source Files</Filter>
    </ClCompile>
    <ClCompile Include="C:\Users\205001\source\repos\Gemini\opendnp3\cpp\libs\src\opendnp3\master\CommandTask.cpp">
      <Filter>Source Files</Filter>
    </ClCompile>
    <ClCompile Include="C:\Users\205001\source\repos\Gemini\opendnp3\cpp\libs\src\opendnp3\master\CommandTaskResult.cpp">
      <Filter>Source Files</Filter>
    </ClCompile>
    <ClCompile Include="C:\Users\205001\source\repos\Gemini\opendnp3\cpp\libs\src\opendnp3\master\DisableUnsolicitedTask.cpp">
      <Filter>Source Files</Filter>
    </ClCompile>
    <ClCompile Include="C:\Users\205001\source\repos\Gemini\opendnp3\cpp\libs\src\opendnp3\master\EmptyResponseTask.cpp">
      <Filter>Source Files</Filter>
    </ClCompile>
    <ClCompile Include="C:\Users\205001\source\repos\Gemini\opendnp3\cpp\libs\src\opendnp3\master\EnableUnsolicitedTask.cpp">
      <Filter>Source Files</Filter>
    </ClCompile>
    <ClCompile Include="C:\Users\205001\source\repos\Gemini\opendnp3\cpp\libs\src\opendnp3\master\EventScanTask.cpp">
      <Filter>Source Files</Filter>
    </ClCompile>
    <ClCompile Include="C:\Users\205001\source\repos\Gemini\opendnp3\cpp\libs\src\opendnp3\master\HeaderTypes.cpp">
      <Filter>Source Files</Filter>
    </ClCompile>
    <ClCompile Include="C:\Users\205001\source\repos\Gemini\opendnp3\cpp\libs\src\opendnp3\master\IMasterTask.cpp">
      <Filter>Source Files</Filter>
    </ClCompile>
    <ClCompile Include="C:\Users\205001\source\repos\Gemini\opendnp3\cpp\libs\src\opendnp3\master\LANTimeSyncTask.cpp">
      <Filter>Source Files</Filter>
    </ClCompile>
    <ClCompile Include="C:\Users\205001\source\repos\Gemini\opendnp3\cpp\libs\src\opendnp3\master\MasterContext.cpp">
      <Filter>Source Files</Filter>
    </ClCompile>
    <ClCompile Include="C:\Users\205001\source\repos\Gemini\opendnp3\cpp\libs\src\opendnp3\master\MasterSchedulerBackend.cpp">
      <Filter>Source Files</Filter>
    </ClCompile>
    <ClCompile Include="C:\Users\205001\source\repos\Gemini\opendnp3\cpp\libs\src\opendnp3\master\MasterTasks.cpp">
      <Filter>Source Files</Filter>
    </ClCompile>
    <ClCompile Include="C:\Users\205001\source\repos\Gemini\opendnp3\cpp\libs\src\opendnp3\master\MeasurementHandler.cpp">
      <Filter>Source Files</Filter>
    </ClCompile>
    <ClCompile Include="C:\Users\205001\source\repos\Gemini\opendnp3\cpp\libs\src\opendnp3\master\PollTaskBase.cpp">
      <Filter>Source Files</Filter>
    </ClCompile>
    <ClCompile Include="C:\Users\205001\source\repos\Gemini\opendnp3\cpp\libs\src\opendnp3\master\RestartOperationTask.cpp">
      <Filter>Source Files</Filter>
    </ClCompile>
    <ClCompile Include="C:\Users\205001\source\repos\Gemini\opendnp3\cpp\libs\src\opendnp3\master\SerialTimeSyncTask.cpp">
      <Filter>Source Files</Filter>
    </ClCompile>
    <ClCompile Include="C:\Users\205001\source\repos\Gemini\opendnp3\cpp\libs\src\opendnp3\master\StartupIntegrityPoll.cpp">
      <Filter>Source Files</Filter>
    </ClCompile>
    <ClCompile Include="C:\Users\205001\source\repos\Gemini\opendnp3\cpp\libs\src\opendnp3\master\TaskBehavior.cpp">
      <Filter>Source Files</Filter>
    </ClCompile>
    <ClCompile Include="C:\Users\205001\source\repos\Gemini\opendnp3\cpp\libs\src\opendnp3\master\TaskContext.cpp">
      <Filter>Source Files</Filter>
    </ClCompile>
    <ClCompile Include="C:\Users\205001\source\repos\Gemini\opendnp3\cpp\libs\src\opendnp3\master\UserPollTask.cpp">
      <Filter>Source Files</Filter>
    </ClCompile>
    <ClCompile Include="C:\Users\205001\source\repos\Gemini\opendnp3\cpp\libs\src\opendnp3\objects\Group1.cpp">
      <Filter>Source Files</Filter>
    </ClCompile>
    <ClCompile Include="C:\Users\205001\source\repos\Gemini\opendnp3\cpp\libs\src\opendnp3\objects\Group10.cpp">
      <Filter>Source Files</Filter>
    </ClCompile>
    <ClCompile Include="C:\Users\205001\source\repos\Gemini\opendnp3\cpp\libs\src\opendnp3\objects\Group11.cpp">
      <Filter>Source Files</Filter>
    </ClCompile>
    <ClCompile Include="C:\Users\205001\source\repos\Gemini\opendnp3\cpp\libs\src\opendnp3\objects\Group12.cpp">
      <Filter>Source Files</Filter>
    </ClCompile>
    <ClCompile Include="C:\Users\205001\source\repos\Gemini\opendnp3\cpp\libs\src\opendnp3\objects\Group120.cpp">
      <Filter>Source Files</Filter>
    </ClCompile>
    <ClCompile Include="C:\Users\205001\source\repos\Gemini\opendnp3\cpp\libs\src\opendnp3\objects\Group121.cpp">
      <Filter>Source Files</Filter>
    </ClCompile>
    <ClCompile Include="C:\Users\205001\source\repos\Gemini\opendnp3\cpp\libs\src\opendnp3\objects\Group122.cpp">
      <Filter>Source Files</Filter>
    </ClCompile>
    <ClCompile Include="C:\Users\205001\source\repos\Gemini\opendnp3\cpp\libs\src\opendnp3\objects\Group13.cpp">
      <Filter>Source Files</Filter>
    </ClCompile>
    <ClCompile Include="C:\Users\205001\source\repos\Gemini\opendnp3\cpp\libs\src\opendnp3\objects\Group2.cpp">
      <Filter>Source Files</Filter>
    </ClCompile>
    <ClCompile Include="C:\Users\205001\source\repos\Gemini\opendnp3\cpp\libs\src\opendnp3\objects\Group20.cpp">
      <Filter>Source Files</Filter>
    </ClCompile>
    <ClCompile Include="C:\Users\205001\source\repos\Gemini\opendnp3\cpp\libs\src\opendnp3\objects\Group21.cpp">
      <Filter>Source Files</Filter>
    </ClCompile>
    <ClCompile Include="C:\Users\205001\source\repos\Gemini\opendnp3\cpp\libs\src\opendnp3\objects\Group22.cpp">
      <Filter>Source Files</Filter>
    </ClCompile>
    <ClCompile Include="C:\Users\205001\source\repos\Gemini\opendnp3\cpp\libs\src\opendnp3\objects\Group23.cpp">
      <Filter>Source Files</Filter>
    </ClCompile>
    <ClCompile Include="C:\Users\205001\source\repos\Gemini\opendnp3\cpp\libs\src\opendnp3\objects\Group3.cpp">
      <Filter>Source Files</Filter>
    </ClCompile>
    <ClCompile Include="C:\Users\205001\source\repos\Gemini\opendnp3\cpp\libs\src\opendnp3\objects\Group30.cpp">
      <Filter>Source Files</Filter>
    </ClCompile>
    <ClCompile Include="C:\Users\205001\source\repos\Gemini\opendnp3\cpp\libs\src\opendnp3\objects\Group32.cpp">
      <Filter>Source Files</Filter>
    </ClCompile>
    <ClCompile Include="C:\Users\205001\source\repos\Gemini\opendnp3\cpp\libs\src\opendnp3\objects\Group4.cpp">
      <Filter>Source Files</Filter>
    </ClCompile>
    <ClCompile Include="C:\Users\205001\source\repos\Gemini\opendnp3\cpp\libs\src\opendnp3\objects\Group40.cpp">
      <Filter>Source Files</Filter>
    </ClCompile>
    <ClCompile Include="C:\Users\205001\source\repos\Gemini\opendnp3\cpp\libs\src\opendnp3\objects\Group41.cpp">
      <Filter>Source Files</Filter>
    </ClCompile>
    <ClCompile Include="C:\Users\205001\source\repos\Gemini\opendnp3\cpp\libs\src\opendnp3\objects\Group42.cpp">
      <Filter>Source Files</Filter>
    </ClCompile>
    <ClCompile Include="C:\Users\205001\source\repos\Gemini\opendnp3\cpp\libs\src\opendnp3\objects\Group43.cpp">
      <Filter>Source Files</Filter>
    </ClCompile>
    <ClCompile Include="C:\Users\205001\source\repos\Gemini\opendnp3\cpp\libs\src\opendnp3\objects\Group50.cpp">
      <Filter>Source Files</Filter>
    </ClCompile>
    <ClCompile Include="C:\Users\205001\source\repos\Gemini\opendnp3\cpp\libs\src\opendnp3\objects\Group51.cpp">
      <Filter>Source Files</Filter>
    </ClCompile>
    <ClCompile Include="C:\Users\205001\source\repos\Gemini\opendnp3\cpp\libs\src\opendnp3\objects\Group52.cpp">
      <Filter>Source Files</Filter>
    </ClCompile>
    <ClCompile Include="C:\Users\205001\source\repos\Gemini\opendnp3\cpp\libs\src\opendnp3\outstation\ApplicationIIN.cpp">
      <Filter>Source Files</Filter>
    </ClCompile>
    <ClCompile Include="C:\Users\205001\source\repos\Gemini\opendnp3\cpp\libs\src\opendnp3\outstation\AssignClassHandler.cpp">
      <Filter>Source Files</Filter>
    </ClCompile>
    <ClCompile Include="C:\Users\205001\source\repos\Gemini\opendnp3\cpp\libs\src\opendnp3\outstation\ClassBasedRequestHandler.cpp">
      <Filter>Source Files</Filter>
    </ClCompile>
    <ClCompile Include="C:\Users\205001\source\repos\Gemini\opendnp3\cpp\libs\src\opendnp3\outstation\CommandActionAdapter.cpp">
      <Filter>Source Files</Filter>
    </ClCompile>
    <ClCompile Include="C:\Users\205001\source\repos\Gemini\opendnp3\cpp\libs\src\opendnp3\outstation\CommandResponseHandler.cpp">
      <Filter>Source Files</Filter>
    </ClCompile>
    <ClCompile Include="C:\Users\205001\source\repos\Gemini\opendnp3\cpp\libs\src\opendnp3\outstation\Database.cpp">
      <Filter>Source Files</Filter>
    </ClCompile>
    <ClCompile Include="C:\Users\205001\source\repos\Gemini\opendnp3\cpp\libs\src\opendnp3\outstation\DatabaseBuffers.cpp">
      <Filter>Source Files</Filter>
    </ClCompile>
    <ClCompile Include="C:\Users\205001\source\repos\Gemini\opendnp3\cpp\libs\src\opendnp3\outstation\DatabaseConfigView.cpp">
      <Filter>Source Files</Filter>
    </ClCompile>
    <ClCompile Include="C:\Users\205001\source\repos\Gemini\opendnp3\cpp\libs\src\opendnp3\outstation\DeferredRequest.cpp">
      <Filter>Source Files</Filter>
    </ClCompile>
    <ClCompile Include="C:\Users\205001\source\repos\Gemini\opendnp3\cpp\libs\src\opendnp3\outstation\EventBufferConfig.cpp">
      <Filter>Source Files</Filter>
    </ClCompile>
    <ClCompile Include="C:\Users\205001\source\repos\Gemini\opendnp3\cpp\libs\src\opendnp3\outstation\IINHelpers.cpp">
      <Filter>Source Files</Filter>
    </ClCompile>
    <ClCompile Include="C:\Users\205001\source\repos\Gemini\opendnp3\cpp\libs\src\opendnp3\outstation\IOutstationApplication.cpp">
      <Filter>Source Files</Filter>
    </ClCompile>
    <ClCompile Include="C:\Users\205001\source\repos\Gemini\opendnp3\cpp\libs\src\opendnp3\outstation\OctetStringSerializer.cpp">
      <Filter>Source Files</Filter>
    </ClCompile>
    <ClCompile Include="C:\Users\205001\source\repos\Gemini\opendnp3\cpp\libs\src\opendnp3\outstation\OutstationContext.cpp">
      <Filter>Source Files</Filter>
    </ClCompile>
    <ClCompile Include="C:\Users\205001\source\repos\Gemini\opendnp3\cpp\libs\src\opendnp3\outstation\OutstationStates.cpp">
      <Filter>Source Files</Filter>
    </ClCompile>
    <ClCompile Include="C:\Users\205001\source\repos\Gemini\opendnp3\cpp\libs\src\opendnp3\outstation\ReadHandler.cpp">
      <Filter>Source Files</Filter>
    </ClCompile>
    <ClCompile Include="C:\Users\205001\source\repos\Gemini\opendnp3\cpp\libs\src\opendnp3\outstation\RequestHistory.cpp">
      <Filter>Source Files</Filter>
    </ClCompile>
    <ClCompile Include="C:\Users\205001\source\repos\Gemini\opendnp3\cpp\libs\src\opendnp3\outstation\ResponseContext.cpp">
      <Filter>Source Files</Filter>
    </ClCompile>
    <ClCompile Include="C:\Users\205001\source\repos\Gemini\opendnp3\cpp\libs\src\opendnp3\outstation\SelectedRanges.cpp">
      <Filter>Source Files</Filter>
    </ClCompile>
    <ClCompile Include="C:\Users\205001\source\repos\Gemini\opendnp3\cpp\libs\src\opendnp3\outstation\SimpleCommandHandler.cpp">
      <Filter>Source Files</Filter>
    </ClCompile>
    <ClCompile Include="C:\Users\205001\source\repos\Gemini\opendnp3\cpp\libs\src\opendnp3\outstation\StaticBuffers.cpp">
      <Filter>Source Files</Filter>
    </ClCompile>
    <ClCompile Include="C:\Users\205001\source\repos\Gemini\opendnp3\cpp\libs\src\opendnp3\outstation\StaticWriters.cpp">
      <Filter>Source Files</Filter>
    </ClCompile>
    <ClCompile Include="C:\Users\205001\source\repos\Gemini\opendnp3\cpp\libs\src\opendnp3\outstation\WriteHandler.cpp">
      <Filter>Source Files</Filter>
    </ClCompile>
    <ClCompile Include="C:\Users\205001\source\repos\Gemini\opendnp3\cpp\libs\src\opendnp3\outstation\event\ASDUEventWriteHandler.cpp">
      <Filter>Source Files</Filter>
    </ClCompile>
    <ClCompile Include="C:\Users\205001\source\repos\Gemini\opendnp3\cpp\libs\src\opendnp3\outstation\event\EventBuffer.cpp">
      <Filter>Source Files</Filter>
    </ClCompile>
    <ClCompile Include="C:\Users\205001\source\repos\Gemini\opendnp3\cpp\libs\src\opendnp3\outstation\event\EventLists.cpp">
      <Filter>Source Files</Filter>
    </ClCompile>
    <ClCompile Include="C:\Users\205001\source\repos\Gemini\opendnp3\cpp\libs\src\opendnp3\outstation\event\EventRecord.cpp">
      <Filter>Source Files</Filter>
    </ClCompile>
    <ClCompile Include="C:\Users\205001\source\repos\Gemini\opendnp3\cpp\libs\src\opendnp3\outstation\event\EventSelection.cpp">
      <Filter>Source Files</Filter>
    </ClCompile>
    <ClCompile Include="C:\Users\205001\source\repos\Gemini\opendnp3\cpp\libs\src\opendnp3\outstation\event\EventStorage.cpp">
      <Filter>Source Files</Filter>
    </ClCompile>
    <ClCompile Include="C:\Users\205001\source\repos\Gemini\opendnp3\cpp\libs\src\opendnp3\outstation\event\EventWriters.cpp">
      <Filter>Source Files</Filter>
    </ClCompile>
    <ClCompile Include="C:\Users\205001\source\repos\Gemini\opendnp3\cpp\libs\src\opendnp3\outstation\event\EventWriting.cpp">
      <Filter>Source Files</Filter>
    </ClCompile>
    <ClCompile Include="C:\Users\205001\source\repos\Gemini\opendnp3\cpp\libs\src\opendnp3\transport\TransportHeader.cpp">
      <Filter>Source Files</Filter>
    </ClCompile>
    <ClCompile Include="C:\Users\205001\source\repos\Gemini\opendnp3\cpp\libs\src\opendnp3\transport\TransportLayer.cpp">
      <Filter>Source Files</Filter>
    </ClCompile>
    <ClCompile Include="C:\Users\205001\source\repos\Gemini\opendnp3\cpp\libs\src\opendnp3\transport\TransportRx.cpp">
      <Filter>Source Files</Filter>
    </ClCompile>
    <ClCompile Include="C:\Users\205001\source\repos\Gemini\opendnp3\cpp\libs\src\opendnp3\transport\TransportStack.cpp">
      <Filter>Source Files</Filter>
    </ClCompile>
    <ClCompile Include="C:\Users\205001\source\repos\Gemini\opendnp3\cpp\libs\src\opendnp3\transport\TransportTx.cpp">
      <Filter>Source Files</Filter>
    </ClCompile>
  </ItemGroup>
  <ItemGroup>
    <ClInclude Include="C:\Users\205001\source\repos\Gemini\opendnp3\cpp\libs\include\opendnp3\LogLevels.h">
      <Filter>Header Files</Filter>
    </ClInclude>
    <ClInclude Include="C:\Users\205001\source\repos\Gemini\opendnp3\cpp\libs\include\opendnp3\StackStatistics.h">
      <Filter>Header Files</Filter>
    </ClInclude>
    <ClInclude Include="C:\Users\205001\source\repos\Gemini\opendnp3\cpp\libs\include\opendnp3\app\AnalogCommandEvent.h">
      <Filter>Header Files</Filter>
    </ClInclude>
    <ClInclude Include="C:\Users\205001\source\repos\Gemini\opendnp3\cpp\libs\include\opendnp3\app\AnalogOutput.h">
      <Filter>Header Files</Filter>
    </ClInclude>
    <ClInclude Include="C:\Users\205001\source\repos\Gemini\opendnp3\cpp\libs\include\opendnp3\app\AppConstants.h">
      <Filter>Header Files</Filter>
    </ClInclude>
    <ClInclude Include="C:\Users\205001\source\repos\Gemini\opendnp3\cpp\libs\include\opendnp3\app\BaseMeasurementTypes.h">
      <Filter>Header Files</Filter>
    </ClInclude>
    <ClInclude Include="C:\Users\205001\source\repos\Gemini\opendnp3\cpp\libs\include\opendnp3\app\BinaryCommandEvent.h">
      <Filter>Header Files</Filter>
    </ClInclude>
    <ClInclude Include="C:\Users\205001\source\repos\Gemini\opendnp3\cpp\libs\include\opendnp3\app\ClassField.h">
      <Filter>Header Files</Filter>
    </ClInclude>
    <ClInclude Include="C:\Users\205001\source\repos\Gemini\opendnp3\cpp\libs\include\opendnp3\app\ControlRelayOutputBlock.h">
      <Filter>Header Files</Filter>
    </ClInclude>
    <ClInclude Include="C:\Users\205001\source\repos\Gemini\opendnp3\cpp\libs\include\opendnp3\app\DNPTime.h">
      <Filter>Header Files</Filter>
    </ClInclude>
    <ClInclude Include="C:\Users\205001\source\repos\Gemini\opendnp3\cpp\libs\include\opendnp3\app\EventCells.h">
      <Filter>Header Files</Filter>
    </ClInclude>
    <ClInclude Include="C:\Users\205001\source\repos\Gemini\opendnp3\cpp\libs\include\opendnp3\app\EventTriggers.h">
      <Filter>Header Files</Filter>
    </ClInclude>
    <ClInclude Include="C:\Users\205001\source\repos\Gemini\opendnp3\cpp\libs\include\opendnp3\app\EventType.h">
      <Filter>Header Files</Filter>
    </ClInclude>
    <ClInclude Include="C:\Users\205001\source\repos\Gemini\opendnp3\cpp\libs\include\opendnp3\app\Flags.h">
      <Filter>Header Files</Filter>
    </ClInclude>
    <ClInclude Include="C:\Users\205001\source\repos\Gemini\opendnp3\cpp\libs\include\opendnp3\app\GroupVariationID.h">
      <Filter>Header Files</Filter>
    </ClInclude>
    <ClInclude Include="C:\Users\205001\source\repos\Gemini\opendnp3\cpp\libs\include\opendnp3\app\IINField.h">
      <Filter>Header Files</Filter>
    </ClInclude>
    <ClInclude Include="C:\Users\205001\source\repos\Gemini\opendnp3\cpp\libs\include\opendnp3\app\ITransactable.h">
      <Filter>Header Files</Filter>
    </ClInclude>
    <ClInclude Include="C:\Users\205001\source\repos\Gemini\opendnp3\cpp\libs\include\opendnp3\app\Indexed.h">
      <Filter>Header Files</Filter>
    </ClInclude>
    <ClInclude Include="C:\Users\205001\source\repos\Gemini\opendnp3\cpp\libs\include\opendnp3\app\MeasurementInfo.h">
      <Filter>Header Files</Filter>
    </ClInclude>
    <ClInclude Include="C:\Users\205001\source\repos\Gemini\opendnp3\cpp\libs\include\opendnp3\app\MeasurementTypeSpecs.h">
      <Filter>Header Files</Filter>
    </ClInclude>
    <ClInclude Include="C:\Users\205001\source\repos\Gemini\opendnp3\cpp\libs\include\opendnp3\app\MeasurementTypes.h">
      <Filter>Header Files</Filter>
    </ClInclude>
    <ClInclude Include="C:\Users\205001\source\repos\Gemini\opendnp3\cpp\libs\include\opendnp3\app\OctetData.h">
      <Filter>Header Files</Filter>
    </ClInclude>
    <ClInclude Include="C:\Users\205001\source\repos\Gemini\opendnp3\cpp\libs\include\opendnp3\app\OctetString.h">
      <Filter>Header Files</Filter>
    </ClInclude>
    <ClInclude Include="C:\Users\205001\source\repos\Gemini\opendnp3\cpp\libs\include\opendnp3\app\QualityMasks.h">
      <Filter>Header Files</Filter>
    </ClInclude>
    <ClInclude Include="C:\Users\205001\source\repos\Gemini\opendnp3\cpp\libs\include\opendnp3\app\SecurityStat.h">
      <Filter>Header Files</Filter>
    </ClInclude>
    <ClInclude Include="C:\Users\205001\source\repos\Gemini\opendnp3\cpp\libs\include\opendnp3\app\parsing\ICollection.h">
      <Filter>Header Files</Filter>
    </ClInclude>
    <ClInclude Include="C:\Users\205001\source\repos\Gemini\opendnp3\cpp\libs\include\opendnp3\gen\AnalogOutputStatusQuality.h">
      <Filter>Header Files</Filter>
    </ClInclude>
    <ClInclude Include="C:\Users\205001\source\repos\Gemini\opendnp3\cpp\libs\include\opendnp3\gen\AnalogQuality.h">
      <Filter>Header Files</Filter>
    </ClInclude>
    <ClInclude Include="C:\Users\205001\source\repos\Gemini\opendnp3\cpp\libs\include\opendnp3\gen\AssignClassType.h">
      <Filter>Header Files</Filter>
    </ClInclude>
    <ClInclude Include="C:\Users\205001\source\repos\Gemini\opendnp3\cpp\libs\include\opendnp3\gen\Attributes.h">
      <Filter>Header Files</Filter>
    </ClInclude>
    <ClInclude Include="C:\Users\205001\source\repos\Gemini\opendnp3\cpp\libs\include\opendnp3\gen\AuthErrorCode.h">
      <Filter>Header Files</Filter>
    </ClInclude>
    <ClInclude Include="C:\Users\205001\source\repos\Gemini\opendnp3\cpp\libs\include\opendnp3\gen\BinaryOutputStatusQuality.h">
      <Filter>Header Files</Filter>
    </ClInclude>
    <ClInclude Include="C:\Users\205001\source\repos\Gemini\opendnp3\cpp\libs\include\opendnp3\gen\BinaryQuality.h">
      <Filter>Header Files</Filter>
    </ClInclude>
    <ClInclude Include="C:\Users\205001\source\repos\Gemini\opendnp3\cpp\libs\include\opendnp3\gen\CertificateType.h">
      <Filter>Header Files</Filter>
    </ClInclude>
    <ClInclude Include="C:\Users\205001\source\repos\Gemini\opendnp3\cpp\libs\include\opendnp3\gen\ChallengeReason.h">
      <Filter>Header Files</Filter>
    </ClInclude>
    <ClInclude Include="C:\Users\205001\source\repos\Gemini\opendnp3\cpp\libs\include\opendnp3\gen\ChannelState.h">
      <Filter>Header Files</Filter>
    </ClInclude>
    <ClInclude Include="C:\Users\205001\source\repos\Gemini\opendnp3\cpp\libs\include\opendnp3\gen\CommandPointState.h">
      <Filter>Header Files</Filter>
    </ClInclude>
    <ClInclude Include="C:\Users\205001\source\repos\Gemini\opendnp3\cpp\libs\include\opendnp3\gen\CommandStatus.h">
      <Filter>Header Files</Filter>
    </ClInclude>
    <ClInclude Include="C:\Users\205001\source\repos\Gemini\opendnp3\cpp\libs\include\opendnp3\gen\ConfigAuthMode.h">
      <Filter>Header Files</Filter>
    </ClInclude>
    <ClInclude Include="C:\Users\205001\source\repos\Gemini\opendnp3\cpp\libs\include\opendnp3\gen\ControlCode.h">
      <Filter>Header Files</Filter>
    </ClInclude>
    <ClInclude Include="C:\Users\205001\source\repos\Gemini\opendnp3\cpp\libs\include\opendnp3\gen\CounterQuality.h">
      <Filter>Header Files</Filter>
    </ClInclude>
    <ClInclude Include="C:\Users\205001\source\repos\Gemini\opendnp3\cpp\libs\include\opendnp3\gen\DoubleBit.h">
      <Filter>Header Files</Filter>
    </ClInclude>
    <ClInclude Include="C:\Users\205001\source\repos\Gemini\opendnp3\cpp\libs\include\opendnp3\gen\DoubleBitBinaryQuality.h">
      <Filter>Header Files</Filter>
    </ClInclude>
    <ClInclude Include="C:\Users\205001\source\repos\Gemini\opendnp3\cpp\libs\include\opendnp3\gen\EventAnalogOutputStatusVariation.h">
      <Filter>Header Files</Filter>
    </ClInclude>
    <ClInclude Include="C:\Users\205001\source\repos\Gemini\opendnp3\cpp\libs\include\opendnp3\gen\EventAnalogVariation.h">
      <Filter>Header Files</Filter>
    </ClInclude>
    <ClInclude Include="C:\Users\205001\source\repos\Gemini\opendnp3\cpp\libs\include\opendnp3\gen\EventBinaryOutputStatusVariation.h">
      <Filter>Header Files</Filter>
    </ClInclude>
    <ClInclude Include="C:\Users\205001\source\repos\Gemini\opendnp3\cpp\libs\include\opendnp3\gen\EventBinaryVariation.h">
      <Filter>Header Files</Filter>
    </ClInclude>
    <ClInclude Include="C:\Users\205001\source\repos\Gemini\opendnp3\cpp\libs\include\opendnp3\gen\EventCounterVariation.h">
      <Filter>Header Files</Filter>
    </ClInclude>
    <ClInclude Include="C:\Users\205001\source\repos\Gemini\opendnp3\cpp\libs\include\opendnp3\gen\EventDoubleBinaryVariation.h">
      <Filter>Header Files</Filter>
    </ClInclude>
    <ClInclude Include="C:\Users\205001\source\repos\Gemini\opendnp3\cpp\libs\include\opendnp3\gen\EventFrozenCounterVariation.h">
      <Filter>Header Files</Filter>
    </ClInclude>
    <ClInclude Include="C:\Users\205001\source\repos\Gemini\opendnp3\cpp\libs\include\opendnp3\gen\EventMode.h">
      <Filter>Header Files</Filter>
    </ClInclude>
    <ClInclude Include="C:\Users\205001\source\repos\Gemini\opendnp3\cpp\libs\include\opendnp3\gen\EventOctetStringVariation.h">
      <Filter>Header Files</Filter>
    </ClInclude>
    <ClInclude Include="C:\Users\205001\source\repos\Gemini\opendnp3\cpp\libs\include\opendnp3\gen\EventSecurityStatVariation.h">
      <Filter>Header Files</Filter>
    </ClInclude>
    <ClInclude Include="C:\Users\205001\source\repos\Gemini\opendnp3\cpp\libs\include\opendnp3\gen\FlagsType.h">
      <Filter>Header Files</Filter>
    </ClInclude>
    <ClInclude Include="C:\Users\205001\source\repos\Gemini\opendnp3\cpp\libs\include\opendnp3\gen\FlowControl.h">
      <Filter>Header Files</Filter>
    </ClInclude>
    <ClInclude Include="C:\Users\205001\source\repos\Gemini\opendnp3\cpp\libs\include\opendnp3\gen\FrozenCounterQuality.h">
      <Filter>Header Files</Filter>
    </ClInclude>
    <ClInclude Include="C:\Users\205001\source\repos\Gemini\opendnp3\cpp\libs\include\opendnp3\gen\FunctionCode.h">
      <Filter>Header Files</Filter>
    </ClInclude>
    <ClInclude Include="C:\Users\205001\source\repos\Gemini\opendnp3\cpp\libs\include\opendnp3\gen\GroupVariation.h">
      <Filter>Header Files</Filter>
    </ClInclude>
    <ClInclude Include="C:\Users\205001\source\repos\Gemini\opendnp3\cpp\libs\include\opendnp3\gen\HMACType.h">
      <Filter>Header Files</Filter>
    </ClInclude>
    <ClInclude Include="C:\Users\205001\source\repos\Gemini\opendnp3\cpp\libs\include\opendnp3\gen\IndexMode.h">
      <Filter>Header Files</Filter>
    </ClInclude>
    <ClInclude Include="C:\Users\205001\source\repos\Gemini\opendnp3\cpp\libs\include\opendnp3\gen\IndexQualifierMode.h">
      <Filter>Header Files</Filter>
    </ClInclude>
    <ClInclude Include="C:\Users\205001\source\repos\Gemini\opendnp3\cpp\libs\include\opendnp3\gen\IntervalUnits.h">
      <Filter>Header Files</Filter>
    </ClInclude>
    <ClInclude Include="C:\Users\205001\source\repos\Gemini\opendnp3\cpp\libs\include\opendnp3\gen\KeyChangeMethod.h">
      <Filter>Header Files</Filter>
    </ClInclude>
    <ClInclude Include="C:\Users\205001\source\repos\Gemini\opendnp3\cpp\libs\include\opendnp3\gen\KeyStatus.h">
      <Filter>Header Files</Filter>
    </ClInclude>
    <ClInclude Include="C:\Users\205001\source\repos\Gemini\opendnp3\cpp\libs\include\opendnp3\gen\KeyWrapAlgorithm.h">
      <Filter>Header Files</Filter>
    </ClInclude>
    <ClInclude Include="C:\Users\205001\source\repos\Gemini\opendnp3\cpp\libs\include\opendnp3\gen\LinkFunction.h">
      <Filter>Header Files</Filter>
    </ClInclude>
    <ClInclude Include="C:\Users\205001\source\repos\Gemini\opendnp3\cpp\libs\include\opendnp3\gen\LinkStatus.h">
      <Filter>Header Files</Filter>
    </ClInclude>
    <ClInclude Include="C:\Users\205001\source\repos\Gemini\opendnp3\cpp\libs\include\opendnp3\gen\MasterTaskType.h">
      <Filter>Header Files</Filter>
    </ClInclude>
    <ClInclude Include="C:\Users\205001\source\repos\Gemini\opendnp3\cpp\libs\include\opendnp3\gen\OperateType.h">
      <Filter>Header Files</Filter>
    </ClInclude>
    <ClInclude Include="C:\Users\205001\source\repos\Gemini\opendnp3\cpp\libs\include\opendnp3\gen\Parity.h">
      <Filter>Header Files</Filter>
    </ClInclude>
    <ClInclude Include="C:\Users\205001\source\repos\Gemini\opendnp3\cpp\libs\include\opendnp3\gen\PointClass.h">
      <Filter>Header Files</Filter>
    </ClInclude>
    <ClInclude Include="C:\Users\205001\source\repos\Gemini\opendnp3\cpp\libs\include\opendnp3\gen\QualifierCode.h">
      <Filter>Header Files</Filter>
    </ClInclude>
    <ClInclude Include="C:\Users\205001\source\repos\Gemini\opendnp3\cpp\libs\include\opendnp3\gen\RestartMode.h">
      <Filter>Header Files</Filter>
    </ClInclude>
    <ClInclude Include="C:\Users\205001\source\repos\Gemini\opendnp3\cpp\libs\include\opendnp3\gen\RestartType.h">
      <Filter>Header Files</Filter>
    </ClInclude>
    <ClInclude Include="C:\Users\205001\source\repos\Gemini\opendnp3\cpp\libs\include\opendnp3\gen\SecurityStatIndex.h">
      <Filter>Header Files</Filter>
    </ClInclude>
    <ClInclude Include="C:\Users\205001\source\repos\Gemini\opendnp3\cpp\libs\include\opendnp3\gen\ServerAcceptMode.h">
      <Filter>Header Files</Filter>
    </ClInclude>
    <ClInclude Include="C:\Users\205001\source\repos\Gemini\opendnp3\cpp\libs\include\opendnp3\gen\StaticAnalogOutputStatusVariation.h">
      <Filter>Header Files</Filter>
    </ClInclude>
    <ClInclude Include="C:\Users\205001\source\repos\Gemini\opendnp3\cpp\libs\include\opendnp3\gen\StaticAnalogVariation.h">
      <Filter>Header Files</Filter>
    </ClInclude>
    <ClInclude Include="C:\Users\205001\source\repos\Gemini\opendnp3\cpp\libs\include\opendnp3\gen\StaticBinaryOutputStatusVariation.h">
      <Filter>Header Files</Filter>
    </ClInclude>
    <ClInclude Include="C:\Users\205001\source\repos\Gemini\opendnp3\cpp\libs\include\opendnp3\gen\StaticBinaryVariation.h">
      <Filter>Header Files</Filter>
    </ClInclude>
    <ClInclude Include="C:\Users\205001\source\repos\Gemini\opendnp3\cpp\libs\include\opendnp3\gen\StaticCounterVariation.h">
      <Filter>Header Files</Filter>
    </ClInclude>
    <ClInclude Include="C:\Users\205001\source\repos\Gemini\opendnp3\cpp\libs\include\opendnp3\gen\StaticDoubleBinaryVariation.h">
      <Filter>Header Files</Filter>
    </ClInclude>
    <ClInclude Include="C:\Users\205001\source\repos\Gemini\opendnp3\cpp\libs\include\opendnp3\gen\StaticFrozenCounterVariation.h">
      <Filter>Header Files</Filter>
    </ClInclude>
    <ClInclude Include="C:\Users\205001\source\repos\Gemini\opendnp3\cpp\libs\include\opendnp3\gen\StaticOctetStringVariation.h">
      <Filter>Header Files</Filter>
    </ClInclude>
    <ClInclude Include="C:\Users\205001\source\repos\Gemini\opendnp3\cpp\libs\include\opendnp3\gen\StaticSecurityStatVariation.h">
      <Filter>Header Files</Filter>
    </ClInclude>
    <ClInclude Include="C:\Users\205001\source\repos\Gemini\opendnp3\cpp\libs\include\opendnp3\gen\StaticTimeAndIntervalVariation.h">
      <Filter>Header Files</Filter>
    </ClInclude>
    <ClInclude Include="C:\Users\205001\source\repos\Gemini\opendnp3\cpp\libs\include\opendnp3\gen\StaticTypeBitmask.h">
      <Filter>Header Files</Filter>
    </ClInclude>
    <ClInclude Include="C:\Users\205001\source\repos\Gemini\opendnp3\cpp\libs\include\opendnp3\gen\StopBits.h">
      <Filter>Header Files</Filter>
    </ClInclude>
    <ClInclude Include="C:\Users\205001\source\repos\Gemini\opendnp3\cpp\libs\include\opendnp3\gen\TaskCompletion.h">
      <Filter>Header Files</Filter>
    </ClInclude>
    <ClInclude Include="C:\Users\205001\source\repos\Gemini\opendnp3\cpp\libs\include\opendnp3\gen\TimeSyncMode.h">
      <Filter>Header Files</Filter>
    </ClInclude>
    <ClInclude Include="C:\Users\205001\source\repos\Gemini\opendnp3\cpp\libs\include\opendnp3\gen\TimestampMode.h">
      <Filter>Header Files</Filter>
    </ClInclude>
    <ClInclude Include="C:\Users\205001\source\repos\Gemini\opendnp3\cpp\libs\include\opendnp3\gen\UserOperation.h">
      <Filter>Header Files</Filter>
    </ClInclude>
    <ClInclude Include="C:\Users\205001\source\repos\Gemini\opendnp3\cpp\libs\include\opendnp3\gen\UserRole.h">
      <Filter>Header Files</Filter>
    </ClInclude>
    <ClInclude Include="C:\Users\205001\source\repos\Gemini\opendnp3\cpp\libs\include\opendnp3\link\Addresses.h">
      <Filter>Header Files</Filter>
    </ClInclude>
    <ClInclude Include="C:\Users\205001\source\repos\Gemini\opendnp3\cpp\libs\include\opendnp3\link\ILinkListener.h">
      <Filter>Header Files</Filter>
    </ClInclude>
    <ClInclude Include="C:\Users\205001\source\repos\Gemini\opendnp3\cpp\libs\include\opendnp3\link\LinkConfig.h">
      <Filter>Header Files</Filter>
    </ClInclude>
    <ClInclude Include="C:\Users\205001\source\repos\Gemini\opendnp3\cpp\libs\include\opendnp3\link\LinkHeaderFields.h">
      <Filter>Header Files</Filter>
    </ClInclude>
    <ClInclude Include="C:\Users\205001\source\repos\Gemini\opendnp3\cpp\libs\include\opendnp3\link\LinkStatistics.h">
      <Filter>Header Files</Filter>
    </ClInclude>
    <ClInclude Include="C:\Users\205001\source\repos\Gemini\opendnp3\cpp\libs\include\opendnp3\master\CommandCallbackT.h">
      <Filter>Header Files</Filter>
    </ClInclude>
    <ClInclude Include="C:\Users\205001\source\repos\Gemini\opendnp3\cpp\libs\include\opendnp3\master\CommandPointResult.h">
      <Filter>Header Files</Filter>
    </ClInclude>
    <ClInclude Include="C:\Users\205001\source\repos\Gemini\opendnp3\cpp\libs\include\opendnp3\master\CommandSet.h">
      <Filter>Header Files</Filter>
    </ClInclude>
    <ClInclude Include="C:\Users\205001\source\repos\Gemini\opendnp3\cpp\libs\include\opendnp3\master\HeaderInfo.h">
      <Filter>Header Files</Filter>
    </ClInclude>
    <ClInclude Include="C:\Users\205001\source\repos\Gemini\opendnp3\cpp\libs\include\opendnp3\master\HeaderTypes.h">
      <Filter>Header Files</Filter>
    </ClInclude>
    <ClInclude Include="C:\Users\205001\source\repos\Gemini\opendnp3\cpp\libs\include\opendnp3\master\ICommandCollection.h">
      <Filter>Header Files</Filter>
    </ClInclude>
    <ClInclude Include="C:\Users\205001\source\repos\Gemini\opendnp3\cpp\libs\include\opendnp3\master\ICommandProcessor.h">
      <Filter>Header Files</Filter>
    </ClInclude>
    <ClInclude Include="C:\Users\205001\source\repos\Gemini\opendnp3\cpp\libs\include\opendnp3\master\ICommandTaskResult.h">
      <Filter>Header Files</Filter>
    </ClInclude>
    <ClInclude Include="C:\Users\205001\source\repos\Gemini\opendnp3\cpp\libs\include\opendnp3\master\IMasterApplication.h">
      <Filter>Header Files</Filter>
    </ClInclude>
    <ClInclude Include="C:\Users\205001\source\repos\Gemini\opendnp3\cpp\libs\include\opendnp3\master\ISOEHandler.h">
      <Filter>Header Files</Filter>
    </ClInclude>
    <ClInclude Include="C:\Users\205001\source\repos\Gemini\opendnp3\cpp\libs\include\opendnp3\master\ITaskCallback.h">
      <Filter>Header Files</Filter>
    </ClInclude>
    <ClInclude Include="C:\Users\205001\source\repos\Gemini\opendnp3\cpp\libs\include\opendnp3\master\MasterParams.h">
      <Filter>Header Files</Filter>
    </ClInclude>
    <ClInclude Include="C:\Users\205001\source\repos\Gemini\opendnp3\cpp\libs\include\opendnp3\master\RestartOperationResult.h">
      <Filter>Header Files</Filter>
    </ClInclude>
    <ClInclude Include="C:\Users\205001\source\repos\Gemini\opendnp3\cpp\libs\include\opendnp3\master\TaskConfig.h">
      <Filter>Header Files</Filter>
    </ClInclude>
    <ClInclude Include="C:\Users\205001\source\repos\Gemini\opendnp3\cpp\libs\include\opendnp3\master\TaskId.h">
      <Filter>Header Files</Filter>
    </ClInclude>
    <ClInclude Include="C:\Users\205001\source\repos\Gemini\opendnp3\cpp\libs\include\opendnp3\master\TaskInfo.h">
      <Filter>Header Files</Filter>
    </ClInclude>
    <ClInclude Include="C:\Users\205001\source\repos\Gemini\opendnp3\cpp\libs\include\opendnp3\outstation\ApplicationIIN.h">
      <Filter>Header Files</Filter>
    </ClInclude>
    <ClInclude Include="C:\Users\205001\source\repos\Gemini\opendnp3\cpp\libs\include\opendnp3\outstation\Cell.h">
      <Filter>Header Files</Filter>
    </ClInclude>
    <ClInclude Include="C:\Users\205001\source\repos\Gemini\opendnp3\cpp\libs\include\opendnp3\outstation\DatabaseSizes.h">
      <Filter>Header Files</Filter>
    </ClInclude>
    <ClInclude Include="C:\Users\205001\source\repos\Gemini\opendnp3\cpp\libs\include\opendnp3\outstation\EventBufferConfig.h">
      <Filter>Header Files</Filter>
    </ClInclude>
    <ClInclude Include="C:\Users\205001\source\repos\Gemini\opendnp3\cpp\libs\include\opendnp3\outstation\ICommandHandler.h">
      <Filter>Header Files</Filter>
    </ClInclude>
    <ClInclude Include="C:\Users\205001\source\repos\Gemini\opendnp3\cpp\libs\include\opendnp3\outstation\IOutstationApplication.h">
      <Filter>Header Files</Filter>
    </ClInclude>
    <ClInclude Include="C:\Users\205001\source\repos\Gemini\opendnp3\cpp\libs\include\opendnp3\outstation\IUpdateHandler.h">
      <Filter>Header Files</Filter>
    </ClInclude>
    <ClInclude Include="C:\Users\205001\source\repos\Gemini\opendnp3\cpp\libs\include\opendnp3\outstation\MeasurementConfig.h">
      <Filter>Header Files</Filter>
    </ClInclude>
    <ClInclude Include="C:\Users\205001\source\repos\Gemini\opendnp3\cpp\libs\include\opendnp3\outstation\OutstationConfig.h">
      <Filter>Header Files</Filter>
    </ClInclude>
    <ClInclude Include="C:\Users\205001\source\repos\Gemini\opendnp3\cpp\libs\include\opendnp3\outstation\OutstationParams.h">
      <Filter>Header Files</Filter>
    </ClInclude>
    <ClInclude Include="C:\Users\205001\source\repos\Gemini\opendnp3\cpp\libs\include\opendnp3\outstation\SimpleCommandHandler.h">
      <Filter>Header Files</Filter>
    </ClInclude>
    <ClInclude Include="C:\Users\205001\source\repos\Gemini\opendnp3\cpp\libs\include\opendnp3\outstation\StaticTypeBitfield.h">
      <Filter>Header Files</Filter>
    </ClInclude>
    <ClInclude Include="C:\Users\205001\source\repos\Gemini\opendnp3\cpp\libs\src\opendnp3\LayerInterfaces.h">
      <Filter>Header Files</Filter>
    </ClInclude>
    <ClInclude Include="C:\Users\205001\source\repos\Gemini\opendnp3\cpp\libs\src\opendnp3\Route.h">
      <Filter>Header Files</Filter>
    </ClInclude>
    <ClInclude Include="C:\Users\205001\source\repos\Gemini\opendnp3\cpp\libs\src\opendnp3\app\APDUBuilders.h">
      <Filter>Header Files</Filter>
    </ClInclude>
    <ClInclude Include="C:\Users\205001\source\repos\Gemini\opendnp3\cpp\libs\src\opendnp3\app\APDUHeader.h">
      <Filter>Header Files</Filter>
    </ClInclude>
    <ClInclude Include="C:\Users\205001\source\repos\Gemini\opendnp3\cpp\libs\src\opendnp3\app\APDULogging.h">
      <Filter>Header Files</Filter>
    </ClInclude>
    <ClInclude Include="C:\Users\205001\source\repos\Gemini\opendnp3\cpp\libs\src\opendnp3\app\APDURequest.h">
      <Filter>Header Files</Filter>
    </ClInclude>
    <ClInclude Include="C:\Users\205001\source\repos\Gemini\opendnp3\cpp\libs\src\opendnp3\app\APDUResponse.h">
      <Filter>Header Files</Filter>
    </ClInclude>
    <ClInclude Include="C:\Users\205001\source\repos\Gemini\opendnp3\cpp\libs\src\opendnp3\app\APDUWrapper.h">
      <Filter>Header Files</Filter>
    </ClInclude>
    <ClInclude Include="C:\Users\205001\source\repos\Gemini\opendnp3\cpp\libs\src\opendnp3\app\AppControlField.h">
      <Filter>Header Files</Filter>
    </ClInclude>
    <ClInclude Include="C:\Users\205001\source\repos\Gemini\opendnp3\cpp\libs\src\opendnp3\app\AppSeqNum.h">
      <Filter>Header Files</Filter>
    </ClInclude>
    <ClInclude Include="C:\Users\205001\source\repos\Gemini\opendnp3\cpp\libs\src\opendnp3\app\BitfieldRangeWriteIterator.h">
      <Filter>Header Files</Filter>
    </ClInclude>
    <ClInclude Include="C:\Users\205001\source\repos\Gemini\opendnp3\cpp\libs\src\opendnp3\app\CountWriteIterator.h">
      <Filter>Header Files</Filter>
    </ClInclude>
    <ClInclude Include="C:\Users\205001\source\repos\Gemini\opendnp3\cpp\libs\src\opendnp3\app\DNP3Serializer.h">
      <Filter>Header Files</Filter>
    </ClInclude>
    <ClInclude Include="C:\Users\205001\source\repos\Gemini\opendnp3\cpp\libs\src\opendnp3\app\DownSampling.h">
      <Filter>Header Files</Filter>
    </ClInclude>
    <ClInclude Include="C:\Users\205001\source\repos\Gemini\opendnp3\cpp\libs\src\opendnp3\app\Functions.h">
      <Filter>Header Files</Filter>
    </ClInclude>
    <ClInclude Include="C:\Users\205001\source\repos\Gemini\opendnp3\cpp\libs\src\opendnp3\app\GroupVariationRecord.h">
      <Filter>Header Files</Filter>
    </ClInclude>
    <ClInclude Include="C:\Users\205001\source\repos\Gemini\opendnp3\cpp\libs\src\opendnp3\app\HeaderWriter.h">
      <Filter>Header Files</Filter>
    </ClInclude>
    <ClInclude Include="C:\Users\205001\source\repos\Gemini\opendnp3\cpp\libs\src\opendnp3\app\IINValue.h">
      <Filter>Header Files</Filter>
    </ClInclude>
    <ClInclude Include="C:\Users\205001\source\repos\Gemini\opendnp3\cpp\libs\src\opendnp3\app\IVariableLength.h">
      <Filter>Header Files</Filter>
    </ClInclude>
    <ClInclude Include="C:\Users\205001\source\repos\Gemini\opendnp3\cpp\libs\src\opendnp3\app\MeasurementFactory.h">
      <Filter>Header Files</Filter>
    </ClInclude>
    <ClInclude Include="C:\Users\205001\source\repos\Gemini\opendnp3\cpp\libs\src\opendnp3\app\Message.h">
      <Filter>Header Files</Filter>
    </ClInclude>
    <ClInclude Include="C:\Users\205001\source\repos\Gemini\opendnp3\cpp\libs\src\opendnp3\app\PrefixedWriteIterator.h">
      <Filter>Header Files</Filter>
    </ClInclude>
    <ClInclude Include="C:\Users\205001\source\repos\Gemini\opendnp3\cpp\libs\src\opendnp3\app\QualityFlags.h">
      <Filter>Header Files</Filter>
    </ClInclude>
    <ClInclude Include="C:\Users\205001\source\repos\Gemini\opendnp3\cpp\libs\src\opendnp3\app\Range.h">
      <Filter>Header Files</Filter>
    </ClInclude>
    <ClInclude Include="C:\Users\205001\source\repos\Gemini\opendnp3\cpp\libs\src\opendnp3\app\RangeWriteIterator.h">
      <Filter>Header Files</Filter>
    </ClInclude>
    <ClInclude Include="C:\Users\205001\source\repos\Gemini\opendnp3\cpp\libs\src\opendnp3\app\SequenceInfo.h">
      <Filter>Header Files</Filter>
    </ClInclude>
    <ClInclude Include="C:\Users\205001\source\repos\Gemini\opendnp3\cpp\libs\src\opendnp3\app\TxBuffer.h">
      <Filter>Header Files</Filter>
    </ClInclude>
    <ClInclude Include="C:\Users\205001\source\repos\Gemini\opendnp3\cpp\libs\src\opendnp3\app\WriteConversionTemplates.h">
      <Filter>Header Files</Filter>
    </ClInclude>
    <ClInclude Include="C:\Users\205001\source\repos\Gemini\opendnp3\cpp\libs\src\opendnp3\app\WriteConversions.h">
      <Filter>Header Files</Filter>
    </ClInclude>
    <ClInclude Include="C:\Users\205001\source\repos\Gemini\opendnp3\cpp\libs\src\opendnp3\app\parsing\APDUHeaderParser.h">
      <Filter>Header Files</Filter>
    </ClInclude>
    <ClInclude Include="C:\Users\205001\source\repos\Gemini\opendnp3\cpp\libs\src\opendnp3\app\parsing\APDUParser.h">
      <Filter>Header Files</Filter>
    </ClInclude>
    <ClInclude Include="C:\Users\205001\source\repos\Gemini\opendnp3\cpp\libs\src\opendnp3\app\parsing\BitReader.h">
      <Filter>Header Files</Filter>
    </ClInclude>
    <ClInclude Include="C:\Users\205001\source\repos\Gemini\opendnp3\cpp\libs\src\opendnp3\app\parsing\BufferedCollection.h">
      <Filter>Header Files</Filter>
    </ClInclude>
    <ClInclude Include="C:\Users\205001\source\repos\Gemini\opendnp3\cpp\libs\src\opendnp3\app\parsing\Collections.h">
      <Filter>Header Files</Filter>
    </ClInclude>
    <ClInclude Include="C:\Users\205001\source\repos\Gemini\opendnp3\cpp\libs\src\opendnp3\app\parsing\CountIndexParser.h">
      <Filter>Header Files</Filter>
    </ClInclude>
    <ClInclude Include="C:\Users\205001\source\repos\Gemini\opendnp3\cpp\libs\src\opendnp3\app\parsing\CountParser.h">
      <Filter>Header Files</Filter>
    </ClInclude>
    <ClInclude Include="C:\Users\205001\source\repos\Gemini\opendnp3\cpp\libs\src\opendnp3\app\parsing\FreeFormatParser.h">
      <Filter>Header Files</Filter>
    </ClInclude>
    <ClInclude Include="C:\Users\205001\source\repos\Gemini\opendnp3\cpp\libs\src\opendnp3\app\parsing\Functions.h">
      <Filter>Header Files</Filter>
    </ClInclude>
    <ClInclude Include="C:\Users\205001\source\repos\Gemini\opendnp3\cpp\libs\src\opendnp3\app\parsing\IAPDUHandler.h">
      <Filter>Header Files</Filter>
    </ClInclude>
    <ClInclude Include="C:\Users\205001\source\repos\Gemini\opendnp3\cpp\libs\src\opendnp3\app\parsing\IWhiteList.h">
      <Filter>Header Files</Filter>
    </ClInclude>
    <ClInclude Include="C:\Users\205001\source\repos\Gemini\opendnp3\cpp\libs\src\opendnp3\app\parsing\NumParser.h">
      <Filter>Header Files</Filter>
    </ClInclude>
    <ClInclude Include="C:\Users\205001\source\repos\Gemini\opendnp3\cpp\libs\src\opendnp3\app\parsing\ObjectHeaderParser.h">
      <Filter>Header Files</Filter>
    </ClInclude>
    <ClInclude Include="C:\Users\205001\source\repos\Gemini\opendnp3\cpp\libs\src\opendnp3\app\parsing\ParseResult.h">
      <Filter>Header Files</Filter>
    </ClInclude>
    <ClInclude Include="C:\Users\205001\source\repos\Gemini\opendnp3\cpp\libs\src\opendnp3\app\parsing\ParserSettings.h">
      <Filter>Header Files</Filter>
    </ClInclude>
    <ClInclude Include="C:\Users\205001\source\repos\Gemini\opendnp3\cpp\libs\src\opendnp3\app\parsing\PrefixFields.h">
      <Filter>Header Files</Filter>
    </ClInclude>
    <ClInclude Include="C:\Users\205001\source\repos\Gemini\opendnp3\cpp\libs\src\opendnp3\app\parsing\RangeParser.h">
      <Filter>Header Files</Filter>
    </ClInclude>
    <ClInclude Include="C:\Users\205001\source\repos\Gemini\opendnp3\cpp\libs\src\opendnp3\link\CRC.h">
      <Filter>Header Files</Filter>
    </ClInclude>
    <ClInclude Include="C:\Users\205001\source\repos\Gemini\opendnp3\cpp\libs\src\opendnp3\link\IFrameSink.h">
      <Filter>Header Files</Filter>
    </ClInclude>
    <ClInclude Include="C:\Users\205001\source\repos\Gemini\opendnp3\cpp\libs\src\opendnp3\link\ILinkLayer.h">
      <Filter>Header Files</Filter>
    </ClInclude>
    <ClInclude Include="C:\Users\205001\source\repos\Gemini\opendnp3\cpp\libs\src\opendnp3\link\ILinkSession.h">
      <Filter>Header Files</Filter>
    </ClInclude>
    <ClInclude Include="C:\Users\205001\source\repos\Gemini\opendnp3\cpp\libs\src\opendnp3\link\ILinkTx.h">
      <Filter>Header Files</Filter>
    </ClInclude>
    <ClInclude Include="C:\Users\205001\source\repos\Gemini\opendnp3\cpp\libs\src\opendnp3\link\ITransportSegment.h">
      <Filter>Header Files</Filter>
    </ClInclude>
    <ClInclude Include="C:\Users\205001\source\repos\Gemini\opendnp3\cpp\libs\src\opendnp3\link\LinkContext.h">
      <Filter>Header Files</Filter>
    </ClInclude>
    <ClInclude Include="C:\Users\205001\source\repos\Gemini\opendnp3\cpp\libs\src\opendnp3\link\LinkFrame.h">
      <Filter>Header Files</Filter>
    </ClInclude>
    <ClInclude Include="C:\Users\205001\source\repos\Gemini\opendnp3\cpp\libs\src\opendnp3\link\LinkHeader.h">
      <Filter>Header Files</Filter>
    </ClInclude>
    <ClInclude Include="C:\Users\205001\source\repos\Gemini\opendnp3\cpp\libs\src\opendnp3\link\LinkLayer.h">
      <Filter>Header Files</Filter>
    </ClInclude>
    <ClInclude Include="C:\Users\205001\source\repos\Gemini\opendnp3\cpp\libs\src\opendnp3\link\LinkLayerConfig.h">
      <Filter>Header Files</Filter>
    </ClInclude>
    <ClInclude Include="C:\Users\205001\source\repos\Gemini\opendnp3\cpp\libs\src\opendnp3\link\LinkLayerConstants.h">
      <Filter>Header Files</Filter>
    </ClInclude>
    <ClInclude Include="C:\Users\205001\source\repos\Gemini\opendnp3\cpp\libs\src\opendnp3\link\LinkLayerParser.h">
      <Filter>Header Files</Filter>
    </ClInclude>
    <ClInclude Include="C:\Users\205001\source\repos\Gemini\opendnp3\cpp\libs\src\opendnp3\link\PriLinkLayerStates.h">
      <Filter>Header Files</Filter>
    </ClInclude>
    <ClInclude Include="C:\Users\205001\source\repos\Gemini\opendnp3\cpp\libs\src\opendnp3\link\SecLinkLayerStates.h">
      <Filter>Header Files</Filter>
    </ClInclude>
    <ClInclude Include="C:\Users\205001\source\repos\Gemini\opendnp3\cpp\libs\src\opendnp3\link\ShiftableBuffer.h">
      <Filter>Header Files</Filter>
    </ClInclude>
    <ClInclude Include="C:\Users\205001\source\repos\Gemini\opendnp3\cpp\libs\src\opendnp3\link\Singleton.h">
      <Filter>Header Files</Filter>
    </ClInclude>
    <ClInclude Include="C:\Users\205001\source\repos\Gemini\opendnp3\cpp\libs\src\opendnp3\master\AssignClassTask.h">
      <Filter>Header Files</Filter>
    </ClInclude>
    <ClInclude Include="C:\Users\205001\source\repos\Gemini\opendnp3\cpp\libs\src\opendnp3\master\ClearRestartTask.h">
      <Filter>Header Files</Filter>
    </ClInclude>
    <ClInclude Include="C:\Users\205001\source\repos\Gemini\opendnp3\cpp\libs\src\opendnp3\master\CommandSetOps.h">
      <Filter>Header Files</Filter>
    </ClInclude>
    <ClInclude Include="C:\Users\205001\source\repos\Gemini\opendnp3\cpp\libs\src\opendnp3\master\CommandTask.h">
      <Filter>Header Files</Filter>
    </ClInclude>
    <ClInclude Include="C:\Users\205001\source\repos\Gemini\opendnp3\cpp\libs\src\opendnp3\master\CommandTaskResult.h">
      <Filter>Header Files</Filter>
    </ClInclude>
    <ClInclude Include="C:\Users\205001\source\repos\Gemini\opendnp3\cpp\libs\src\opendnp3\master\DisableUnsolicitedTask.h">
      <Filter>Header Files</Filter>
    </ClInclude>
    <ClInclude Include="C:\Users\205001\source\repos\Gemini\opendnp3\cpp\libs\src\opendnp3\master\EmptyResponseTask.h">
      <Filter>Header Files</Filter>
    </ClInclude>
    <ClInclude Include="C:\Users\205001\source\repos\Gemini\opendnp3\cpp\libs\src\opendnp3\master\EnableUnsolicitedTask.h">
      <Filter>Header Files</Filter>
    </ClInclude>
    <ClInclude Include="C:\Users\205001\source\repos\Gemini\opendnp3\cpp\libs\src\opendnp3\master\EventScanTask.h">
      <Filter>Header Files</Filter>
    </ClInclude>
    <ClInclude Include="C:\Users\205001\source\repos\Gemini\opendnp3\cpp\libs\src\opendnp3\master\HeaderBuilder.h">
      <Filter>Header Files</Filter>
    </ClInclude>
    <ClInclude Include="C:\Users\205001\source\repos\Gemini\opendnp3\cpp\libs\src\opendnp3\master\ICommandHeader.h">
      <Filter>Header Files</Filter>
    </ClInclude>
    <ClInclude Include="C:\Users\205001\source\repos\Gemini\opendnp3\cpp\libs\src\opendnp3\master\IMasterScheduler.h">
      <Filter>Header Files</Filter>
    </ClInclude>
    <ClInclude Include="C:\Users\205001\source\repos\Gemini\opendnp3\cpp\libs\src\opendnp3\master\IMasterTask.h">
      <Filter>Header Files</Filter>
    </ClInclude>
    <ClInclude Include="C:\Users\205001\source\repos\Gemini\opendnp3\cpp\libs\src\opendnp3\master\IMasterTaskRunner.h">
      <Filter>Header Files</Filter>
    </ClInclude>
    <ClInclude Include="C:\Users\205001\source\repos\Gemini\opendnp3\cpp\libs\src\opendnp3\master\IScheduleCallback.h">
      <Filter>Header Files</Filter>
    </ClInclude>
    <ClInclude Include="C:\Users\205001\source\repos\Gemini\opendnp3\cpp\libs\src\opendnp3\master\LANTimeSyncTask.h">
      <Filter>Header Files</Filter>
    </ClInclude>
    <ClInclude Include="C:\Users\205001\source\repos\Gemini\opendnp3\cpp\libs\src\opendnp3\master\MasterContext.h">
      <Filter>Header Files</Filter>
    </ClInclude>
    <ClInclude Include="C:\Users\205001\source\repos\Gemini\opendnp3\cpp\libs\src\opendnp3\master\MasterSchedulerBackend.h">
      <Filter>Header Files</Filter>
    </ClInclude>
    <ClInclude Include="C:\Users\205001\source\repos\Gemini\opendnp3\cpp\libs\src\opendnp3\master\MasterTasks.h">
      <Filter>Header Files</Filter>
    </ClInclude>
    <ClInclude Include="C:\Users\205001\source\repos\Gemini\opendnp3\cpp\libs\src\opendnp3\master\MeasurementHandler.h">
      <Filter>Header Files</Filter>
    </ClInclude>
    <ClInclude Include="C:\Users\205001\source\repos\Gemini\opendnp3\cpp\libs\src\opendnp3\master\PollTaskBase.h">
      <Filter>Header Files</Filter>
    </ClInclude>
    <ClInclude Include="C:\Users\205001\source\repos\Gemini\opendnp3\cpp\libs\src\opendnp3\master\RestartOperationTask.h">
      <Filter>Header Files</Filter>
    </ClInclude>
    <ClInclude Include="C:\Users\205001\source\repos\Gemini\opendnp3\cpp\libs\src\opendnp3\master\ScanResult.h">
      <Filter>Header Files</Filter>
    </ClInclude>
    <ClInclude Include="C:\Users\205001\source\repos\Gemini\opendnp3\cpp\libs\src\opendnp3\master\SerialTimeSyncTask.h">
      <Filter>Header Files</Filter>
    </ClInclude>
    <ClInclude Include="C:\Users\205001\source\repos\Gemini\opendnp3\cpp\libs\src\opendnp3\master\StartupIntegrityPoll.h">
      <Filter>Header Files</Filter>
    </ClInclude>
    <ClInclude Include="C:\Users\205001\source\repos\Gemini\opendnp3\cpp\libs\src\opendnp3\master\TaskBehavior.h">
      <Filter>Header Files</Filter>
    </ClInclude>
    <ClInclude Include="C:\Users\205001\source\repos\Gemini\opendnp3\cpp\libs\src\opendnp3\master\TaskContext.h">
      <Filter>Header Files</Filter>
    </ClInclude>
    <ClInclude Include="C:\Users\205001\source\repos\Gemini\opendnp3\cpp\libs\src\opendnp3\master\TaskPriority.h">
      <Filter>Header Files</Filter>
    </ClInclude>
    <ClInclude Include="C:\Users\205001\source\repos\Gemini\opendnp3\cpp\libs\src\opendnp3\master\TimeSyncHandler.h">
      <Filter>Header Files</Filter>
    </ClInclude>
    <ClInclude Include="C:\Users\205001\source\repos\Gemini\opendnp3\cpp\libs\src\opendnp3\master\TypedCommandHeader.h">
      <Filter>Header Files</Filter>
    </ClInclude>
    <ClInclude Include="C:\Users\205001\source\repos\Gemini\opendnp3\cpp\libs\src\opendnp3\master\UserPollTask.h">
      <Filter>Header Files</Filter>
    </ClInclude>
    <ClInclude Include="C:\Users\205001\source\repos\Gemini\opendnp3\cpp\libs\src\opendnp3\objects\Group1.h">
      <Filter>Header Files</Filter>
    </ClInclude>
    <ClInclude Include="C:\Users\205001\source\repos\Gemini\opendnp3\cpp\libs\src\opendnp3\objects\Group10.h">
      <Filter>Header Files</Filter>
    </ClInclude>
    <ClInclude Include="C:\Users\205001\source\repos\Gemini\opendnp3\cpp\libs\src\opendnp3\objects\Group11.h">
      <Filter>Header Files</Filter>
    </ClInclude>
    <ClInclude Include="C:\Users\205001\source\repos\Gemini\opendnp3\cpp\libs\src\opendnp3\objects\Group110.h">
      <Filter>Header Files</Filter>
    </ClInclude>
    <ClInclude Include="C:\Users\205001\source\repos\Gemini\opendnp3\cpp\libs\src\opendnp3\objects\Group111.h">
      <Filter>Header Files</Filter>
    </ClInclude>
    <ClInclude Include="C:\Users\205001\source\repos\Gemini\opendnp3\cpp\libs\src\opendnp3\objects\Group112.h">
      <Filter>Header Files</Filter>
    </ClInclude>
    <ClInclude Include="C:\Users\205001\source\repos\Gemini\opendnp3\cpp\libs\src\opendnp3\objects\Group113.h">
      <Filter>Header Files</Filter>
    </ClInclude>
    <ClInclude Include="C:\Users\205001\source\repos\Gemini\opendnp3\cpp\libs\src\opendnp3\objects\Group12.h">
      <Filter>Header Files</Filter>
    </ClInclude>
    <ClInclude Include="C:\Users\205001\source\repos\Gemini\opendnp3\cpp\libs\src\opendnp3\objects\Group120.h">
      <Filter>Header Files</Filter>
    </ClInclude>
    <ClInclude Include="C:\Users\205001\source\repos\Gemini\opendnp3\cpp\libs\src\opendnp3\objects\Group121.h">
      <Filter>Header Files</Filter>
    </ClInclude>
    <ClInclude Include="C:\Users\205001\source\repos\Gemini\opendnp3\cpp\libs\src\opendnp3\objects\Group122.h">
      <Filter>Header Files</Filter>
    </ClInclude>
    <ClInclude Include="C:\Users\205001\source\repos\Gemini\opendnp3\cpp\libs\src\opendnp3\objects\Group13.h">
      <Filter>Header Files</Filter>
    </ClInclude>
    <ClInclude Include="C:\Users\205001\source\repos\Gemini\opendnp3\cpp\libs\src\opendnp3\objects\Group2.h">
      <Filter>Header Files</Filter>
    </ClInclude>
    <ClInclude Include="C:\Users\205001\source\repos\Gemini\opendnp3\cpp\libs\src\opendnp3\objects\Group20.h">
      <Filter>Header Files</Filter>
    </ClInclude>
    <ClInclude Include="C:\Users\205001\source\repos\Gemini\opendnp3\cpp\libs\src\opendnp3\objects\Group21.h">
      <Filter>Header Files</Filter>
    </ClInclude>
    <ClInclude Include="C:\Users\205001\source\repos\Gemini\opendnp3\cpp\libs\src\opendnp3\objects\Group22.h">
      <Filter>Header Files</Filter>
    </ClInclude>
    <ClInclude Include="C:\Users\205001\source\repos\Gemini\opendnp3\cpp\libs\src\opendnp3\objects\Group23.h">
      <Filter>Header Files</Filter>
    </ClInclude>
    <ClInclude Include="C:\Users\205001\source\repos\Gemini\opendnp3\cpp\libs\src\opendnp3\objects\Group3.h">
      <Filter>Header Files</Filter>
    </ClInclude>
    <ClInclude Include="C:\Users\205001\source\repos\Gemini\opendnp3\cpp\libs\src\opendnp3\objects\Group30.h">
      <Filter>Header Files</Filter>
    </ClInclude>
    <ClInclude Include="C:\Users\205001\source\repos\Gemini\opendnp3\cpp\libs\src\opendnp3\objects\Group32.h">
      <Filter>Header Files</Filter>
    </ClInclude>
    <ClInclude Include="C:\Users\205001\source\repos\Gemini\opendnp3\cpp\libs\src\opendnp3\objects\Group4.h">
      <Filter>Header Files</Filter>
    </ClInclude>
    <ClInclude Include="C:\Users\205001\source\repos\Gemini\opendnp3\cpp\libs\src\opendnp3\objects\Group40.h">
      <Filter>Header Files</Filter>
    </ClInclude>
    <ClInclude Include="C:\Users\205001\source\repos\Gemini\opendnp3\cpp\libs\src\opendnp3\objects\Group41.h">
      <Filter>Header Files</Filter>
    </ClInclude>
    <ClInclude Include="C:\Users\205001\source\repos\Gemini\opendnp3\cpp\libs\src\opendnp3\objects\Group42.h">
      <Filter>Header Files</Filter>
    </ClInclude>
    <ClInclude Include="C:\Users\205001\source\repos\Gemini\opendnp3\cpp\libs\src\opendnp3\objects\Group43.h">
      <Filter>Header Files</Filter>
    </ClInclude>
    <ClInclude Include="C:\Users\205001\source\repos\Gemini\opendnp3\cpp\libs\src\opendnp3\objects\Group50.h">
      <Filter>Header Files</Filter>
    </ClInclude>
    <ClInclude Include="C:\Users\205001\source\repos\Gemini\opendnp3\cpp\libs\src\opendnp3\objects\Group51.h">
      <Filter>Header Files</Filter>
    </ClInclude>
    <ClInclude Include="C:\Users\205001\source\repos\Gemini\opendnp3\cpp\libs\src\opendnp3\objects\Group52.h">
      <Filter>Header Files</Filter>
    </ClInclude>
    <ClInclude Include="C:\Users\205001\source\repos\Gemini\opendnp3\cpp\libs\src\opendnp3\objects\Group60.h">
      <Filter>Header Files</Filter>
    </ClInclude>
    <ClInclude Include="C:\Users\205001\source\repos\Gemini\opendnp3\cpp\libs\src\opendnp3\objects\Group70.h">
      <Filter>Header Files</Filter>
    </ClInclude>
    <ClInclude Include="C:\Users\205001\source\repos\Gemini\opendnp3\cpp\libs\src\opendnp3\objects\Group80.h">
      <Filter>Header Files</Filter>
    </ClInclude>
    <ClInclude Include="C:\Users\205001\source\repos\Gemini\opendnp3\cpp\libs\src\opendnp3\outstation\AssignClassHandler.h">
      <Filter>Header Files</Filter>
    </ClInclude>
    <ClInclude Include="C:\Users\205001\source\repos\Gemini\opendnp3\cpp\libs\src\opendnp3\outstation\ClassBasedRequestHandler.h">
      <Filter>Header Files</Filter>
    </ClInclude>
    <ClInclude Include="C:\Users\205001\source\repos\Gemini\opendnp3\cpp\libs\src\opendnp3\outstation\CommandActionAdapter.h">
      <Filter>Header Files</Filter>
    </ClInclude>
    <ClInclude Include="C:\Users\205001\source\repos\Gemini\opendnp3\cpp\libs\src\opendnp3\outstation\CommandResponseHandler.h">
      <Filter>Header Files</Filter>
    </ClInclude>
    <ClInclude Include="C:\Users\205001\source\repos\Gemini\opendnp3\cpp\libs\src\opendnp3\outstation\ConstantCommandAction.h">
      <Filter>Header Files</Filter>
    </ClInclude>
    <ClInclude Include="C:\Users\205001\source\repos\Gemini\opendnp3\cpp\libs\src\opendnp3\outstation\ControlState.h">
      <Filter>Header Files</Filter>
    </ClInclude>
    <ClInclude Include="C:\Users\205001\source\repos\Gemini\opendnp3\cpp\libs\src\opendnp3\outstation\Database.h">
      <Filter>Header Files</Filter>
    </ClInclude>
    <ClInclude Include="C:\Users\205001\source\repos\Gemini\opendnp3\cpp\libs\src\opendnp3\outstation\DatabaseBuffers.h">
      <Filter>Header Files</Filter>
    </ClInclude>
    <ClInclude Include="C:\Users\205001\source\repos\Gemini\opendnp3\cpp\libs\src\opendnp3\outstation\DatabaseConfigView.h">
      <Filter>Header Files</Filter>
    </ClInclude>
    <ClInclude Include="C:\Users\205001\source\repos\Gemini\opendnp3\cpp\libs\src\opendnp3\outstation\DeferredRequest.h">
      <Filter>Header Files</Filter>
    </ClInclude>
    <ClInclude Include="C:\Users\205001\source\repos\Gemini\opendnp3\cpp\libs\src\opendnp3\outstation\Event.h">
      <Filter>Header Files</Filter>
    </ClInclude>
    <ClInclude Include="C:\Users\205001\source\repos\Gemini\opendnp3\cpp\libs\src\opendnp3\outstation\IClassAssigner.h">
      <Filter>Header Files</Filter>
    </ClInclude>
    <ClInclude Include="C:\Users\205001\source\repos\Gemini\opendnp3\cpp\libs\src\opendnp3\outstation\ICommandAction.h">
      <Filter>Header Files</Filter>
    </ClInclude>
    <ClInclude Include="C:\Users\205001\source\repos\Gemini\opendnp3\cpp\libs\src\opendnp3\outstation\IDatabase.h">
      <Filter>Header Files</Filter>
    </ClInclude>
    <ClInclude Include="C:\Users\205001\source\repos\Gemini\opendnp3\cpp\libs\src\opendnp3\outstation\IEventReceiver.h">
      <Filter>Header Files</Filter>
    </ClInclude>
    <ClInclude Include="C:\Users\205001\source\repos\Gemini\opendnp3\cpp\libs\src\opendnp3\outstation\IEventRecorder.h">
      <Filter>Header Files</Filter>
    </ClInclude>
    <ClInclude Include="C:\Users\205001\source\repos\Gemini\opendnp3\cpp\libs\src\opendnp3\outstation\IEventSelector.h">
      <Filter>Header Files</Filter>
    </ClInclude>
    <ClInclude Include="C:\Users\205001\source\repos\Gemini\opendnp3\cpp\libs\src\opendnp3\outstation\IINHelpers.h">
      <Filter>Header Files</Filter>
    </ClInclude>
    <ClInclude Include="C:\Users\205001\source\repos\Gemini\opendnp3\cpp\libs\src\opendnp3\outstation\IResponseLoader.h">
      <Filter>Header Files</Filter>
    </ClInclude>
    <ClInclude Include="C:\Users\205001\source\repos\Gemini\opendnp3\cpp\libs\src\opendnp3\outstation\IStaticSelector.h">
      <Filter>Header Files</Filter>
    </ClInclude>
    <ClInclude Include="C:\Users\205001\source\repos\Gemini\opendnp3\cpp\libs\src\opendnp3\outstation\IndexSearch.h">
      <Filter>Header Files</Filter>
    </ClInclude>
    <ClInclude Include="C:\Users\205001\source\repos\Gemini\opendnp3\cpp\libs\src\opendnp3\outstation\OctetStringSerializer.h">
      <Filter>Header Files</Filter>
    </ClInclude>
    <ClInclude Include="C:\Users\205001\source\repos\Gemini\opendnp3\cpp\libs\src\opendnp3\outstation\OutstationChannelStates.h">
      <Filter>Header Files</Filter>
    </ClInclude>
    <ClInclude Include="C:\Users\205001\source\repos\Gemini\opendnp3\cpp\libs\src\opendnp3\outstation\OutstationContext.h">
      <Filter>Header Files</Filter>
    </ClInclude>
    <ClInclude Include="C:\Users\205001\source\repos\Gemini\opendnp3\cpp\libs\src\opendnp3\outstation\OutstationSeqNum.h">
      <Filter>Header Files</Filter>
    </ClInclude>
    <ClInclude Include="C:\Users\205001\source\repos\Gemini\opendnp3\cpp\libs\src\opendnp3\outstation\OutstationStates.h">
      <Filter>Header Files</Filter>
    </ClInclude>
    <ClInclude Include="C:\Users\205001\source\repos\Gemini\opendnp3\cpp\libs\src\opendnp3\outstation\ParsedRequest.h">
      <Filter>Header Files</Filter>
    </ClInclude>
    <ClInclude Include="C:\Users\205001\source\repos\Gemini\opendnp3\cpp\libs\src\opendnp3\outstation\ReadHandler.h">
      <Filter>Header Files</Filter>
    </ClInclude>
    <ClInclude Include="C:\Users\205001\source\repos\Gemini\opendnp3\cpp\libs\src\opendnp3\outstation\RequestHistory.h">
      <Filter>Header Files</Filter>
    </ClInclude>
    <ClInclude Include="C:\Users\205001\source\repos\Gemini\opendnp3\cpp\libs\src\opendnp3\outstation\ResponseContext.h">
      <Filter>Header Files</Filter>
    </ClInclude>
    <ClInclude Include="C:\Users\205001\source\repos\Gemini\opendnp3\cpp\libs\src\opendnp3\outstation\SelectedRanges.h">
      <Filter>Header Files</Filter>
    </ClInclude>
    <ClInclude Include="C:\Users\205001\source\repos\Gemini\opendnp3\cpp\libs\src\opendnp3\outstation\StaticBuffers.h">
      <Filter>Header Files</Filter>
    </ClInclude>
    <ClInclude Include="C:\Users\205001\source\repos\Gemini\opendnp3\cpp\libs\src\opendnp3\outstation\StaticWriters.h">
      <Filter>Header Files</Filter>
    </ClInclude>
    <ClInclude Include="C:\Users\205001\source\repos\Gemini\opendnp3\cpp\libs\src\opendnp3\outstation\TimeSyncState.h">
      <Filter>Header Files</Filter>
    </ClInclude>
    <ClInclude Include="C:\Users\205001\source\repos\Gemini\opendnp3\cpp\libs\src\opendnp3\outstation\WriteHandler.h">
      <Filter>Header Files</Filter>
    </ClInclude>
    <ClInclude Include="C:\Users\205001\source\repos\Gemini\opendnp3\cpp\libs\src\opendnp3\outstation\event\ASDUEventWriteHandler.h">
      <Filter>Header Files</Filter>
    </ClInclude>
    <ClInclude Include="C:\Users\205001\source\repos\Gemini\opendnp3\cpp\libs\src\opendnp3\outstation\event\ClazzCount.h">
      <Filter>Header Files</Filter>
    </ClInclude>
    <ClInclude Include="C:\Users\205001\source\repos\Gemini\opendnp3\cpp\libs\src\opendnp3\outstation\event\EventBuffer.h">
      <Filter>Header Files</Filter>
    </ClInclude>
    <ClInclude Include="C:\Users\205001\source\repos\Gemini\opendnp3\cpp\libs\src\opendnp3\outstation\event\EventCollection.h">
      <Filter>Header Files</Filter>
    </ClInclude>
    <ClInclude Include="C:\Users\205001\source\repos\Gemini\opendnp3\cpp\libs\src\opendnp3\outstation\event\EventLists.h">
      <Filter>Header Files</Filter>
    </ClInclude>
    <ClInclude Include="C:\Users\205001\source\repos\Gemini\opendnp3\cpp\libs\src\opendnp3\outstation\event\EventRecord.h">
      <Filter>Header Files</Filter>
    </ClInclude>
    <ClInclude Include="C:\Users\205001\source\repos\Gemini\opendnp3\cpp\libs\src\opendnp3\outstation\event\EventSelection.h">
      <Filter>Header Files</Filter>
    </ClInclude>
    <ClInclude Include="C:\Users\205001\source\repos\Gemini\opendnp3\cpp\libs\src\opendnp3\outstation\event\EventState.h">
      <Filter>Header Files</Filter>
    </ClInclude>
    <ClInclude Include="C:\Users\205001\source\repos\Gemini\opendnp3\cpp\libs\src\opendnp3\outstation\event\EventStorage.h">
      <Filter>Header Files</Filter>
    </ClInclude>
    <ClInclude Include="C:\Users\205001\source\repos\Gemini\opendnp3\cpp\libs\src\opendnp3\outstation\event\EventTypeImpl.h">
      <Filter>Header Files</Filter>
    </ClInclude>
    <ClInclude Include="C:\Users\205001\source\repos\Gemini\opendnp3\cpp\libs\src\opendnp3\outstation\event\EventUpdate.h">
      <Filter>Header Files</Filter>
    </ClInclude>
    <ClInclude Include="C:\Users\205001\source\repos\Gemini\opendnp3\cpp\libs\src\opendnp3\outstation\event\EventWriters.h">
      <Filter>Header Files</Filter>
    </ClInclude>
    <ClInclude Include="C:\Users\205001\source\repos\Gemini\opendnp3\cpp\libs\src\opendnp3\outstation\event\EventWriting.h">
      <Filter>Header Files</Filter>
    </ClInclude>
    <ClInclude Include="C:\Users\205001\source\repos\Gemini\opendnp3\cpp\libs\src\opendnp3\outstation\event\IEventType.h">
      <Filter>Header Files</Filter>
    </ClInclude>
    <ClInclude Include="C:\Users\205001\source\repos\Gemini\opendnp3\cpp\libs\src\opendnp3\outstation\event\IEventWriteHandler.h">
      <Filter>Header Files</Filter>
    </ClInclude>
    <ClInclude Include="C:\Users\205001\source\repos\Gemini\opendnp3\cpp\libs\src\opendnp3\outstation\event\List.h">
      <Filter>Header Files</Filter>
    </ClInclude>
    <ClInclude Include="C:\Users\205001\source\repos\Gemini\opendnp3\cpp\libs\src\opendnp3\outstation\event\TypedEventRecord.h">
      <Filter>Header Files</Filter>
    </ClInclude>
    <ClInclude Include="C:\Users\205001\source\repos\Gemini\opendnp3\cpp\libs\src\opendnp3\outstation\event\TypedStorage.h">
      <Filter>Header Files</Filter>
    </ClInclude>
    <ClInclude Include="C:\Users\205001\source\repos\Gemini\opendnp3\cpp\libs\src\opendnp3\transport\TransportConstants.h">
      <Filter>Header Files</Filter>
    </ClInclude>
    <ClInclude Include="C:\Users\205001\source\repos\Gemini\opendnp3\cpp\libs\src\opendnp3\transport\TransportHeader.h">
      <Filter>Header Files</Filter>
    </ClInclude>
    <ClInclude Include="C:\Users\205001\source\repos\Gemini\opendnp3\cpp\libs\src\opendnp3\transport\TransportLayer.h">
      <Filter>Header Files</Filter>
    </ClInclude>
    <ClInclude Include="C:\Users\205001\source\repos\Gemini\opendnp3\cpp\libs\src\opendnp3\transport\TransportRx.h">
      <Filter>Header Files</Filter>
    </ClInclude>
    <ClInclude Include="C:\Users\205001\source\repos\Gemini\opendnp3\cpp\libs\src\opendnp3\transport\TransportSeqNum.h">
      <Filter>Header Files</Filter>
    </ClInclude>
    <ClInclude Include="C:\Users\205001\source\repos\Gemini\opendnp3\cpp\libs\src\opendnp3\transport\TransportStack.h">
      <Filter>Header Files</Filter>
    </ClInclude>
    <ClInclude Include="C:\Users\205001\source\repos\Gemini\opendnp3\cpp\libs\src\opendnp3\transport\TransportTx.h">
      <Filter>Header Files</Filter>
    </ClInclude>
  </ItemGroup>
  <ItemGroup>
    <CustomBuild Include="C:\Users\205001\source\repos\Gemini\opendnp3\CMakeLists.txt" />
  </ItemGroup>
  <ItemGroup>
    <Filter Include="Header Files">
      <UniqueIdentifier>{E833E93F-92D8-3AB0-8B4B-383E4DCD1E45}</UniqueIdentifier>
    </Filter>
    <Filter Include="Source Files">
      <UniqueIdentifier>{A2A593E9-5D5D-3430-A915-45E0E11FC07D}</UniqueIdentifier>
    </Filter>
  </ItemGroup>
</Project>
